// !$*UTF8*$!
{
	archiveVersion = 1;
	classes = {
	};
	objectVersion = 56;
	objects = {

/* Begin PBXBuildFile section */
		C502DD74298D92E3002930B4 /* PathRouter.swift in Sources */ = {isa = PBXBuildFile; fileRef = C502DD73298D92E3002930B4 /* PathRouter.swift */; };
		C51EA88B2A4F2FB300A77F4A /* AdvancedList in Frameworks */ = {isa = PBXBuildFile; productRef = C51EA88A2A4F2FB300A77F4A /* AdvancedList */; };
		C51EA8902A5466A000A77F4A /* Poll.swift in Sources */ = {isa = PBXBuildFile; fileRef = C51EA88F2A5466A000A77F4A /* Poll.swift */; };
		C51EA8922A54674E00A77F4A /* Answer.swift in Sources */ = {isa = PBXBuildFile; fileRef = C51EA8912A54674E00A77F4A /* Answer.swift */; };
		C51EA8942A5467B000A77F4A /* Vote.swift in Sources */ = {isa = PBXBuildFile; fileRef = C51EA8932A5467B000A77F4A /* Vote.swift */; };
		C51EA8962A547F3E00A77F4A /* PollVM.swift in Sources */ = {isa = PBXBuildFile; fileRef = C51EA8952A547F3E00A77F4A /* PollVM.swift */; };
		C51EA8982A547FA300A77F4A /* PollManager.swift in Sources */ = {isa = PBXBuildFile; fileRef = C51EA8972A547FA300A77F4A /* PollManager.swift */; };
		C51EA89A2A5496ED00A77F4A /* PollUpdateView.swift in Sources */ = {isa = PBXBuildFile; fileRef = C51EA8992A5496ED00A77F4A /* PollUpdateView.swift */; };
		C51EA89C2A54986A00A77F4A /* PollView.swift in Sources */ = {isa = PBXBuildFile; fileRef = C51EA89B2A54986A00A77F4A /* PollView.swift */; };
		C51EA89E2A54D71E00A77F4A /* AnswerVM.swift in Sources */ = {isa = PBXBuildFile; fileRef = C51EA89D2A54D71E00A77F4A /* AnswerVM.swift */; };
		C51EA8A02A54D73500A77F4A /* VoteVM.swift in Sources */ = {isa = PBXBuildFile; fileRef = C51EA89F2A54D73500A77F4A /* VoteVM.swift */; };
		C51EA8A22A54D80200A77F4A /* AnswerManager.swift in Sources */ = {isa = PBXBuildFile; fileRef = C51EA8A12A54D80200A77F4A /* AnswerManager.swift */; };
		C51EA8A42A54DC9300A77F4A /* VoteManager.swift in Sources */ = {isa = PBXBuildFile; fileRef = C51EA8A32A54DC9300A77F4A /* VoteManager.swift */; };
		C51EA8A62A56FF5A00A77F4A /* AnswerView.swift in Sources */ = {isa = PBXBuildFile; fileRef = C51EA8A52A56FF5A00A77F4A /* AnswerView.swift */; };
		C51FC3FB2996B2FE00D7D0C6 /* Algorithms in Frameworks */ = {isa = PBXBuildFile; productRef = C51FC3FA2996B2FE00D7D0C6 /* Algorithms */; };
		C51FC3FF299AEF3800D7D0C6 /* UserVM.swift in Sources */ = {isa = PBXBuildFile; fileRef = C51FC3FE299AEF3800D7D0C6 /* UserVM.swift */; };
		C51FC401299AF02500D7D0C6 /* HomeTabView.swift in Sources */ = {isa = PBXBuildFile; fileRef = C51FC400299AF02500D7D0C6 /* HomeTabView.swift */; };
		C51FC403299AF03B00D7D0C6 /* AccountMenu.swift in Sources */ = {isa = PBXBuildFile; fileRef = C51FC402299AF03B00D7D0C6 /* AccountMenu.swift */; };
		C51FC405299AF2DC00D7D0C6 /* CommunityView.swift in Sources */ = {isa = PBXBuildFile; fileRef = C51FC404299AF2DC00D7D0C6 /* CommunityView.swift */; };
		C523561D29A93AE600A079E8 /* SignOutView.swift in Sources */ = {isa = PBXBuildFile; fileRef = C523561C29A93AE600A079E8 /* SignOutView.swift */; };
		C5383BD72A3F824600ADA8BB /* SavingProgressView.swift in Sources */ = {isa = PBXBuildFile; fileRef = C5383BD62A3F824600ADA8BB /* SavingProgressView.swift */; };
		C53AE50F29F82C1B00F6B149 /* LandingPageVM.swift in Sources */ = {isa = PBXBuildFile; fileRef = C53AE50E29F82C1B00F6B149 /* LandingPageVM.swift */; };
		C55233B029F99562009C3CEE /* LandingPageView.swift in Sources */ = {isa = PBXBuildFile; fileRef = C55233AF29F99562009C3CEE /* LandingPageView.swift */; };
		C55233B229FC245E009C3CEE /* ViewRatingVM.swift in Sources */ = {isa = PBXBuildFile; fileRef = C55233B129FC245E009C3CEE /* ViewRatingVM.swift */; };
		C55233B429FC2AFD009C3CEE /* ViewRatingsManager.swift in Sources */ = {isa = PBXBuildFile; fileRef = C55233B329FC2AFD009C3CEE /* ViewRatingsManager.swift */; };
		C55E7CA92A2E1B8200CE34FC /* TagViews.swift in Sources */ = {isa = PBXBuildFile; fileRef = C55E7CA82A2E1B8200CE34FC /* TagViews.swift */; };
		C55E7CAB2A3110C200CE34FC /* SeriesNavigationViews.swift in Sources */ = {isa = PBXBuildFile; fileRef = C55E7CAA2A3110C200CE34FC /* SeriesNavigationViews.swift */; };
		C56004EA29888E8D0044A9AB /* FirebaseFirestoreSwift in Frameworks */ = {isa = PBXBuildFile; productRef = C56004E929888E8D0044A9AB /* FirebaseFirestoreSwift */; };
		C5660F2C29929B530079CBF1 /* Profile.swift in Sources */ = {isa = PBXBuildFile; fileRef = C5660F2B29929B530079CBF1 /* Profile.swift */; };
		C5660F322992BB870079CBF1 /* ProfileVM.swift in Sources */ = {isa = PBXBuildFile; fileRef = C5660F312992BB870079CBF1 /* ProfileVM.swift */; };
		C5660F342992C21C0079CBF1 /* ProfileManager.swift in Sources */ = {isa = PBXBuildFile; fileRef = C5660F332992C21C0079CBF1 /* ProfileManager.swift */; };
		C56804682A09997C00094AC3 /* RatingStartsView.swift in Sources */ = {isa = PBXBuildFile; fileRef = C56804672A09997C00094AC3 /* RatingStartsView.swift */; };
		C568046A2A0A868900094AC3 /* ViewRatingView.swift in Sources */ = {isa = PBXBuildFile; fileRef = C56804692A0A868900094AC3 /* ViewRatingView.swift */; };
		C56B2E5129F969DB00EBF321 /* ViewRating.swift in Sources */ = {isa = PBXBuildFile; fileRef = C56B2E5029F969DB00EBF321 /* ViewRating.swift */; };
		C56E0DF62A17A76800A3DE56 /* Bookmark.swift in Sources */ = {isa = PBXBuildFile; fileRef = C56E0DF52A17A76800A3DE56 /* Bookmark.swift */; };
		C56E0DF82A17A8A300A3DE56 /* BookmarkVM.swift in Sources */ = {isa = PBXBuildFile; fileRef = C56E0DF72A17A8A300A3DE56 /* BookmarkVM.swift */; };
		C56E0DFC2A17A99900A3DE56 /* BookmarkListView.swift in Sources */ = {isa = PBXBuildFile; fileRef = C56E0DFB2A17A99900A3DE56 /* BookmarkListView.swift */; };
		C56E0DFE2A17AC2800A3DE56 /* BookmarkManager.swift in Sources */ = {isa = PBXBuildFile; fileRef = C56E0DFD2A17AC2800A3DE56 /* BookmarkManager.swift */; };
		C56E0E012A1D712500A3DE56 /* SearchVM.swift in Sources */ = {isa = PBXBuildFile; fileRef = C56E0E002A1D712500A3DE56 /* SearchVM.swift */; };
		C56E0E032A1D75A100A3DE56 /* SearchView.swift in Sources */ = {isa = PBXBuildFile; fileRef = C56E0E022A1D75A100A3DE56 /* SearchView.swift */; };
		C56E0E072A20F79400A3DE56 /* Theme.swift in Sources */ = {isa = PBXBuildFile; fileRef = C56E0E062A20F79400A3DE56 /* Theme.swift */; };
		C56E0E092A2165B500A3DE56 /* ComponentStyles.swift in Sources */ = {isa = PBXBuildFile; fileRef = C56E0E082A2165B500A3DE56 /* ComponentStyles.swift */; };
		C56EAC8D2ACDE51900136B6F /* WITS.json in Resources */ = {isa = PBXBuildFile; fileRef = C56EAC862ACDE51900136B6F /* WITS.json */; };
		C56EAC8E2ACDE51900136B6F /* WITS_metadata.json in Resources */ = {isa = PBXBuildFile; fileRef = C56EAC872ACDE51900136B6F /* WITS_metadata.json */; };
		C56EAC8F2ACDE51900136B6F /* 931af7e5d0a00015de2fcd03cfb9b6ea.json in Resources */ = {isa = PBXBuildFile; fileRef = C56EAC892ACDE51900136B6F /* 931af7e5d0a00015de2fcd03cfb9b6ea.json */; };
		C56EAC902ACDE51900136B6F /* contract-bed87a3bb7.sol in Resources */ = {isa = PBXBuildFile; fileRef = C56EAC8A2ACDE51900136B6F /* contract-bed87a3bb7.sol */; };
		C56EACA02ACDE63500136B6F /* package-lock.json in Resources */ = {isa = PBXBuildFile; fileRef = C56EAC982ACDE63500136B6F /* package-lock.json */; };
		C56EACA12ACDE63500136B6F /* package.json in Resources */ = {isa = PBXBuildFile; fileRef = C56EAC992ACDE63500136B6F /* package.json */; };
		C56EACA22ACDE63500136B6F /* .eslintrc.js in Resources */ = {isa = PBXBuildFile; fileRef = C56EAC9A2ACDE63500136B6F /* .eslintrc.js */; };
		C56EACA32ACDE63500136B6F /* tsconfig.json in Resources */ = {isa = PBXBuildFile; fileRef = C56EAC9B2ACDE63500136B6F /* tsconfig.json */; };
		C57C6D562A0D8C1100B42AC1 /* AboutView.swift in Sources */ = {isa = PBXBuildFile; fileRef = C57C6D552A0D8C1100B42AC1 /* AboutView.swift */; };
		C5822A0F298AFFF6009BFD92 /* GoogleService-Info.plist in Resources */ = {isa = PBXBuildFile; fileRef = C5822A0E298AFFF6009BFD92 /* GoogleService-Info.plist */; };
		C583A4F529D87DEC00CE9319 /* PhotoSelector.swift in Sources */ = {isa = PBXBuildFile; fileRef = C583A4F429D87DEC00CE9319 /* PhotoSelector.swift */; };
		C58D2C9529DD006E00FF86C4 /* EpisodeManager.swift in Sources */ = {isa = PBXBuildFile; fileRef = C58D2C9429DD006E00FF86C4 /* EpisodeManager.swift */; };
		C58D2C9729DD01C600FF86C4 /* EpisdoeVM.swift in Sources */ = {isa = PBXBuildFile; fileRef = C58D2C9629DD01C600FF86C4 /* EpisdoeVM.swift */; };
		C58D2C9929DE319700FF86C4 /* EpisodeView.swift in Sources */ = {isa = PBXBuildFile; fileRef = C58D2C9829DE319700FF86C4 /* EpisodeView.swift */; };
		C58D56EF2B2F5AF60006195A /* UserTokenBalance.swift in Sources */ = {isa = PBXBuildFile; fileRef = C58D56EE2B2F5AF60006195A /* UserTokenBalance.swift */; };
		C58D56F12B2F5B200006195A /* UserTokenBalanceVM.swift in Sources */ = {isa = PBXBuildFile; fileRef = C58D56F02B2F5B200006195A /* UserTokenBalanceVM.swift */; };
		C58D56F32B2F5B340006195A /* UserTokenBalanceView.swift in Sources */ = {isa = PBXBuildFile; fileRef = C58D56F22B2F5B340006195A /* UserTokenBalanceView.swift */; };
		C58D56F52B2F99220006195A /* UserTokenBalanceManager.swift in Sources */ = {isa = PBXBuildFile; fileRef = C58D56F42B2F99220006195A /* UserTokenBalanceManager.swift */; };
		C58D56F72B2FA10D0006195A /* UserTokenDashboardView.swift in Sources */ = {isa = PBXBuildFile; fileRef = C58D56F62B2FA10D0006195A /* UserTokenDashboardView.swift */; };
		C58F2394299D4B4A009DA4BF /* FindView.swift in Sources */ = {isa = PBXBuildFile; fileRef = C58F2393299D4B4A009DA4BF /* FindView.swift */; };
		C58F2397299D55A5009DA4BF /* SettingsView.swift in Sources */ = {isa = PBXBuildFile; fileRef = C58F2396299D55A5009DA4BF /* SettingsView.swift */; };
		C58F239C299E9B25009DA4BF /* ImagePicker.swift in Sources */ = {isa = PBXBuildFile; fileRef = C58F239B299E9B25009DA4BF /* ImagePicker.swift */; };
		C58F239E299EB569009DA4BF /* Colors.swift in Sources */ = {isa = PBXBuildFile; fileRef = C58F239D299EB569009DA4BF /* Colors.swift */; };
		C58F23A0299EB7BB009DA4BF /* ProfileView.swift in Sources */ = {isa = PBXBuildFile; fileRef = C58F239F299EB7BB009DA4BF /* ProfileView.swift */; };
		C59404B9296DC575003F0FB7 /* What_is_The_StoryApp.swift in Sources */ = {isa = PBXBuildFile; fileRef = C59404B8296DC575003F0FB7 /* What_is_The_StoryApp.swift */; };
		C59404BB296DC575003F0FB7 /* ContentView.swift in Sources */ = {isa = PBXBuildFile; fileRef = C59404BA296DC575003F0FB7 /* ContentView.swift */; };
		C59404BD296DC576003F0FB7 /* Assets.xcassets in Resources */ = {isa = PBXBuildFile; fileRef = C59404BC296DC576003F0FB7 /* Assets.xcassets */; };
		C59404C0296DC576003F0FB7 /* Preview Assets.xcassets in Resources */ = {isa = PBXBuildFile; fileRef = C59404BF296DC576003F0FB7 /* Preview Assets.xcassets */; };
		C59404CD296DC6DE003F0FB7 /* User.swift in Sources */ = {isa = PBXBuildFile; fileRef = C59404CC296DC6DE003F0FB7 /* User.swift */; };
		C59404CF296DC6FC003F0FB7 /* Episode.swift in Sources */ = {isa = PBXBuildFile; fileRef = C59404CE296DC6FC003F0FB7 /* Episode.swift */; };
		C59404D1296DC705003F0FB7 /* Series.swift in Sources */ = {isa = PBXBuildFile; fileRef = C59404D0296DC705003F0FB7 /* Series.swift */; };
		C59404D8296DCA88003F0FB7 /* FirebaseAnalytics in Frameworks */ = {isa = PBXBuildFile; productRef = C59404D7296DCA88003F0FB7 /* FirebaseAnalytics */; };
		C59404DA296DCA88003F0FB7 /* FirebaseAnalyticsWithoutAdIdSupport in Frameworks */ = {isa = PBXBuildFile; productRef = C59404D9296DCA88003F0FB7 /* FirebaseAnalyticsWithoutAdIdSupport */; };
		C59404DC296DCA88003F0FB7 /* FirebaseDatabase in Frameworks */ = {isa = PBXBuildFile; productRef = C59404DB296DCA88003F0FB7 /* FirebaseDatabase */; };
		C59404DE296DCA88003F0FB7 /* FirebaseDatabaseSwift in Frameworks */ = {isa = PBXBuildFile; productRef = C59404DD296DCA88003F0FB7 /* FirebaseDatabaseSwift */; };
		C59404E0296DCA88003F0FB7 /* FirebaseFirestore in Frameworks */ = {isa = PBXBuildFile; productRef = C59404DF296DCA88003F0FB7 /* FirebaseFirestore */; };
		C59404E7296DD2E2003F0FB7 /* SignUpView.swift in Sources */ = {isa = PBXBuildFile; fileRef = C59404E6296DD2E2003F0FB7 /* SignUpView.swift */; };
		C59404E9296DDC8D003F0FB7 /* UserManager.swift in Sources */ = {isa = PBXBuildFile; fileRef = C59404E8296DDC8D003F0FB7 /* UserManager.swift */; };
		C59404EE296E35B5003F0FB7 /* FirebaseAuth in Frameworks */ = {isa = PBXBuildFile; productRef = C59404ED296E35B5003F0FB7 /* FirebaseAuth */; };
		C59E4E5929D2512500D9577E /* CreateView.swift in Sources */ = {isa = PBXBuildFile; fileRef = C59E4E5829D2512500D9577E /* CreateView.swift */; };
		C59E4E5D29D2522800D9577E /* SeriesVM.swift in Sources */ = {isa = PBXBuildFile; fileRef = C59E4E5C29D2522800D9577E /* SeriesVM.swift */; };
		C59E4E5F29D2525D00D9577E /* SeriesManager.swift in Sources */ = {isa = PBXBuildFile; fileRef = C59E4E5E29D2525D00D9577E /* SeriesManager.swift */; };
		C5A31656298B0DAA00D98972 /* FirebaseStorage in Frameworks */ = {isa = PBXBuildFile; productRef = C5A31655298B0DAA00D98972 /* FirebaseStorage */; };
		C5A6F1D92A2509BD0061A479 /* VideoPlayerView.swift in Sources */ = {isa = PBXBuildFile; fileRef = C5A6F1D82A2509BD0061A479 /* VideoPlayerView.swift */; };
		C5A6F1DB2A2509D10061A479 /* PlayerControlView.swift in Sources */ = {isa = PBXBuildFile; fileRef = C5A6F1DA2A2509D10061A479 /* PlayerControlView.swift */; };
		C5A6F1DF2A26AE900061A479 /* Tag.swift in Sources */ = {isa = PBXBuildFile; fileRef = C5A6F1DE2A26AE900061A479 /* Tag.swift */; };
		C5A6F1E12A2781AC0061A479 /* TagVM.swift in Sources */ = {isa = PBXBuildFile; fileRef = C5A6F1E02A2781AC0061A479 /* TagVM.swift */; };
		C5A6F1E32A27A3910061A479 /* TagManager.swift in Sources */ = {isa = PBXBuildFile; fileRef = C5A6F1E22A27A3910061A479 /* TagManager.swift */; };
		C5A969E12B6173E200278669 /* Report.swift in Sources */ = {isa = PBXBuildFile; fileRef = C5A969E02B6173E200278669 /* Report.swift */; };
		C5A969E32B61D83C00278669 /* ReportView.swift in Sources */ = {isa = PBXBuildFile; fileRef = C5A969E22B61D83C00278669 /* ReportView.swift */; };
		C5A969E52B61D8BD00278669 /* ReportVM.swift in Sources */ = {isa = PBXBuildFile; fileRef = C5A969E42B61D8BD00278669 /* ReportVM.swift */; };
		C5A969E72B64101A00278669 /* ReportManager.swift in Sources */ = {isa = PBXBuildFile; fileRef = C5A969E62B64101A00278669 /* ReportManager.swift */; };
		C5AFDC3C29BE7E7400B2F6E2 /* FirebaseUtils.swift in Sources */ = {isa = PBXBuildFile; fileRef = C5AFDC3B29BE7E7400B2F6E2 /* FirebaseUtils.swift */; };
		C5AFDC3E29BE850200B2F6E2 /* Image2Data.swift in Sources */ = {isa = PBXBuildFile; fileRef = C5AFDC3D29BE850200B2F6E2 /* Image2Data.swift */; };
		C5B355A52A3B4257003CFAAD /* DateFormat.swift in Sources */ = {isa = PBXBuildFile; fileRef = C5B355A42A3B4257003CFAAD /* DateFormat.swift */; };
		C5B6FE7A2B49F13D007C38A4 /* NavigationManager.swift in Sources */ = {isa = PBXBuildFile; fileRef = C5B6FE792B49F13D007C38A4 /* NavigationManager.swift */; };
		C5B7577E297EF9B200186852 /* AuthManager.swift in Sources */ = {isa = PBXBuildFile; fileRef = C5B7577D297EF9B200186852 /* AuthManager.swift */; };
		C5C6956A2A5EE72200A311AC /* CommentView.swift in Sources */ = {isa = PBXBuildFile; fileRef = C5E9FBEB297A068400121C45 /* CommentView.swift */; };
		C5C6956B2A5EE72500A311AC /* Comment.swift in Sources */ = {isa = PBXBuildFile; fileRef = C5E9FBD22979EC7F00121C45 /* Comment.swift */; };
		C5C6956C2A5EE72900A311AC /* CommentVM.swift in Sources */ = {isa = PBXBuildFile; fileRef = C5C695682A5DD7F500A311AC /* CommentVM.swift */; };
		C5C6956E2A5F41FC00A311AC /* CommentManager.swift in Sources */ = {isa = PBXBuildFile; fileRef = C5C6956D2A5F41FC00A311AC /* CommentManager.swift */; };
		C5CD5A0B2A43517E009A3BDA /* FireBasePagination.swift in Sources */ = {isa = PBXBuildFile; fileRef = C5CD5A0A2A43517E009A3BDA /* FireBasePagination.swift */; };
		C5D3E95D2B210DC500EAEC9C /* FirebaseFunctions in Frameworks */ = {isa = PBXBuildFile; productRef = C5D3E95C2B210DC500EAEC9C /* FirebaseFunctions */; };
		C5E00C172A0E7C3C00E37B0D /* RandomString.swift in Sources */ = {isa = PBXBuildFile; fileRef = C5E00C162A0E7C3C00E37B0D /* RandomString.swift */; };
		C5E00C192A0E814600E37B0D /* ViewsHistoryView.swift in Sources */ = {isa = PBXBuildFile; fileRef = C5E00C182A0E814600E37B0D /* ViewsHistoryView.swift */; };
		C5E00C1B2A0EC0B500E37B0D /* Pagination.swift in Sources */ = {isa = PBXBuildFile; fileRef = C5E00C1A2A0EC0B500E37B0D /* Pagination.swift */; };
		C5E2140B29F0560100292118 /* Category.swift in Sources */ = {isa = PBXBuildFile; fileRef = C5E2140A29F0560100292118 /* Category.swift */; };
		C5E2140D29F05D2D00292118 /* CategoryVM.swift in Sources */ = {isa = PBXBuildFile; fileRef = C5E2140C29F05D2D00292118 /* CategoryVM.swift */; };
		C5E2140F29F05E5400292118 /* CategoryManager.swift in Sources */ = {isa = PBXBuildFile; fileRef = C5E2140E29F05E5400292118 /* CategoryManager.swift */; };
		C5E2141129F0649A00292118 /* CategoryView.swift in Sources */ = {isa = PBXBuildFile; fileRef = C5E2141029F0649A00292118 /* CategoryView.swift */; };
		C5E290422A143B21005C3A07 /* AppSettings.swift in Sources */ = {isa = PBXBuildFile; fileRef = C5E290412A143B21005C3A07 /* AppSettings.swift */; };
		C5E9FBBF2975CF6A00121C45 /* Encryption.swift in Sources */ = {isa = PBXBuildFile; fileRef = C5E9FBBE2975CF6A00121C45 /* Encryption.swift */; };
		C5E9FBC129770FC300121C45 /* SignInView.swift in Sources */ = {isa = PBXBuildFile; fileRef = C5E9FBC029770FC300121C45 /* SignInView.swift */; };
		C5E9FBE4297A05E800121C45 /* SeriesView.swift in Sources */ = {isa = PBXBuildFile; fileRef = C5E9FBE3297A05E800121C45 /* SeriesView.swift */; };
		C5E9FBE8297A062100121C45 /* ProfileUpdate.swift in Sources */ = {isa = PBXBuildFile; fileRef = C5E9FBE7297A062100121C45 /* ProfileUpdate.swift */; };
		C5E9FBEE297A069800121C45 /* UserView.swift in Sources */ = {isa = PBXBuildFile; fileRef = C5E9FBED297A069800121C45 /* UserView.swift */; };
		C5E9FBF0297A06D600121C45 /* EpisodeUpdate.swift in Sources */ = {isa = PBXBuildFile; fileRef = C5E9FBEF297A06D600121C45 /* EpisodeUpdate.swift */; };
		C5E9FBF2297A072F00121C45 /* SeriesUpdateView.swift in Sources */ = {isa = PBXBuildFile; fileRef = C5E9FBF1297A072F00121C45 /* SeriesUpdateView.swift */; };
		C5E9FBFA297A07CF00121C45 /* EarningsView.swift in Sources */ = {isa = PBXBuildFile; fileRef = C5E9FBF9297A07CF00121C45 /* EarningsView.swift */; };
/* End PBXBuildFile section */

/* Begin PBXFileReference section */
		C502DD73298D92E3002930B4 /* PathRouter.swift */ = {isa = PBXFileReference; lastKnownFileType = sourcecode.swift; path = PathRouter.swift; sourceTree = "<group>"; };
		C51DD10E2A6F1CE800179B23 /* TokenManager.swift */ = {isa = PBXFileReference; lastKnownFileType = sourcecode.swift; path = TokenManager.swift; sourceTree = "<group>"; };
		C51EA88F2A5466A000A77F4A /* Poll.swift */ = {isa = PBXFileReference; lastKnownFileType = sourcecode.swift; path = Poll.swift; sourceTree = "<group>"; };
		C51EA8912A54674E00A77F4A /* Answer.swift */ = {isa = PBXFileReference; lastKnownFileType = sourcecode.swift; path = Answer.swift; sourceTree = "<group>"; };
		C51EA8932A5467B000A77F4A /* Vote.swift */ = {isa = PBXFileReference; lastKnownFileType = sourcecode.swift; path = Vote.swift; sourceTree = "<group>"; };
		C51EA8952A547F3E00A77F4A /* PollVM.swift */ = {isa = PBXFileReference; lastKnownFileType = sourcecode.swift; path = PollVM.swift; sourceTree = "<group>"; };
		C51EA8972A547FA300A77F4A /* PollManager.swift */ = {isa = PBXFileReference; lastKnownFileType = sourcecode.swift; path = PollManager.swift; sourceTree = "<group>"; };
		C51EA8992A5496ED00A77F4A /* PollUpdateView.swift */ = {isa = PBXFileReference; lastKnownFileType = sourcecode.swift; path = PollUpdateView.swift; sourceTree = "<group>"; };
		C51EA89B2A54986A00A77F4A /* PollView.swift */ = {isa = PBXFileReference; lastKnownFileType = sourcecode.swift; path = PollView.swift; sourceTree = "<group>"; };
		C51EA89D2A54D71E00A77F4A /* AnswerVM.swift */ = {isa = PBXFileReference; lastKnownFileType = sourcecode.swift; path = AnswerVM.swift; sourceTree = "<group>"; };
		C51EA89F2A54D73500A77F4A /* VoteVM.swift */ = {isa = PBXFileReference; lastKnownFileType = sourcecode.swift; path = VoteVM.swift; sourceTree = "<group>"; };
		C51EA8A12A54D80200A77F4A /* AnswerManager.swift */ = {isa = PBXFileReference; lastKnownFileType = sourcecode.swift; path = AnswerManager.swift; sourceTree = "<group>"; };
		C51EA8A32A54DC9300A77F4A /* VoteManager.swift */ = {isa = PBXFileReference; lastKnownFileType = sourcecode.swift; path = VoteManager.swift; sourceTree = "<group>"; };
		C51EA8A52A56FF5A00A77F4A /* AnswerView.swift */ = {isa = PBXFileReference; lastKnownFileType = sourcecode.swift; path = AnswerView.swift; sourceTree = "<group>"; };
		C51FC3FE299AEF3800D7D0C6 /* UserVM.swift */ = {isa = PBXFileReference; fileEncoding = 4; lastKnownFileType = sourcecode.swift; path = UserVM.swift; sourceTree = "<group>"; };
		C51FC400299AF02500D7D0C6 /* HomeTabView.swift */ = {isa = PBXFileReference; lastKnownFileType = sourcecode.swift; path = HomeTabView.swift; sourceTree = "<group>"; };
		C51FC402299AF03B00D7D0C6 /* AccountMenu.swift */ = {isa = PBXFileReference; lastKnownFileType = sourcecode.swift; path = AccountMenu.swift; sourceTree = "<group>"; };
		C51FC404299AF2DC00D7D0C6 /* CommunityView.swift */ = {isa = PBXFileReference; lastKnownFileType = sourcecode.swift; path = CommunityView.swift; sourceTree = "<group>"; };
		C523561C29A93AE600A079E8 /* SignOutView.swift */ = {isa = PBXFileReference; lastKnownFileType = sourcecode.swift; path = SignOutView.swift; sourceTree = "<group>"; };
		C5383BD62A3F824600ADA8BB /* SavingProgressView.swift */ = {isa = PBXFileReference; lastKnownFileType = sourcecode.swift; path = SavingProgressView.swift; sourceTree = "<group>"; };
		C53AE50E29F82C1B00F6B149 /* LandingPageVM.swift */ = {isa = PBXFileReference; lastKnownFileType = sourcecode.swift; path = LandingPageVM.swift; sourceTree = "<group>"; };
		C542CE2A2B407CF800AF885C /* FinalizePolls.ts */ = {isa = PBXFileReference; lastKnownFileType = sourcecode.typescript; path = FinalizePolls.ts; sourceTree = "<group>"; };
		C55233AF29F99562009C3CEE /* LandingPageView.swift */ = {isa = PBXFileReference; lastKnownFileType = sourcecode.swift; path = LandingPageView.swift; sourceTree = "<group>"; };
		C55233B129FC245E009C3CEE /* ViewRatingVM.swift */ = {isa = PBXFileReference; lastKnownFileType = sourcecode.swift; path = ViewRatingVM.swift; sourceTree = "<group>"; };
		C55233B329FC2AFD009C3CEE /* ViewRatingsManager.swift */ = {isa = PBXFileReference; lastKnownFileType = sourcecode.swift; path = ViewRatingsManager.swift; sourceTree = "<group>"; };
		C55E7CA82A2E1B8200CE34FC /* TagViews.swift */ = {isa = PBXFileReference; lastKnownFileType = sourcecode.swift; path = TagViews.swift; sourceTree = "<group>"; };
		C55E7CAA2A3110C200CE34FC /* SeriesNavigationViews.swift */ = {isa = PBXFileReference; lastKnownFileType = sourcecode.swift; path = SeriesNavigationViews.swift; sourceTree = "<group>"; };
		C5660F2B29929B530079CBF1 /* Profile.swift */ = {isa = PBXFileReference; lastKnownFileType = sourcecode.swift; path = Profile.swift; sourceTree = "<group>"; };
		C5660F312992BB870079CBF1 /* ProfileVM.swift */ = {isa = PBXFileReference; lastKnownFileType = sourcecode.swift; path = ProfileVM.swift; sourceTree = "<group>"; };
		C5660F332992C21C0079CBF1 /* ProfileManager.swift */ = {isa = PBXFileReference; lastKnownFileType = sourcecode.swift; path = ProfileManager.swift; sourceTree = "<group>"; };
		C56804672A09997C00094AC3 /* RatingStartsView.swift */ = {isa = PBXFileReference; lastKnownFileType = sourcecode.swift; path = RatingStartsView.swift; sourceTree = "<group>"; };
		C56804692A0A868900094AC3 /* ViewRatingView.swift */ = {isa = PBXFileReference; lastKnownFileType = sourcecode.swift; path = ViewRatingView.swift; sourceTree = "<group>"; };
		C56B2E5029F969DB00EBF321 /* ViewRating.swift */ = {isa = PBXFileReference; lastKnownFileType = sourcecode.swift; path = ViewRating.swift; sourceTree = "<group>"; };
		C56E0DF52A17A76800A3DE56 /* Bookmark.swift */ = {isa = PBXFileReference; lastKnownFileType = sourcecode.swift; path = Bookmark.swift; sourceTree = "<group>"; };
		C56E0DF72A17A8A300A3DE56 /* BookmarkVM.swift */ = {isa = PBXFileReference; lastKnownFileType = sourcecode.swift; path = BookmarkVM.swift; sourceTree = "<group>"; };
		C56E0DFB2A17A99900A3DE56 /* BookmarkListView.swift */ = {isa = PBXFileReference; lastKnownFileType = sourcecode.swift; path = BookmarkListView.swift; sourceTree = "<group>"; };
		C56E0DFD2A17AC2800A3DE56 /* BookmarkManager.swift */ = {isa = PBXFileReference; lastKnownFileType = sourcecode.swift; path = BookmarkManager.swift; sourceTree = "<group>"; };
		C56E0E002A1D712500A3DE56 /* SearchVM.swift */ = {isa = PBXFileReference; lastKnownFileType = sourcecode.swift; path = SearchVM.swift; sourceTree = "<group>"; };
		C56E0E022A1D75A100A3DE56 /* SearchView.swift */ = {isa = PBXFileReference; lastKnownFileType = sourcecode.swift; path = SearchView.swift; sourceTree = "<group>"; };
		C56E0E062A20F79400A3DE56 /* Theme.swift */ = {isa = PBXFileReference; fileEncoding = 4; lastKnownFileType = sourcecode.swift; path = Theme.swift; sourceTree = "<group>"; };
		C56E0E082A2165B500A3DE56 /* ComponentStyles.swift */ = {isa = PBXFileReference; lastKnownFileType = sourcecode.swift; path = ComponentStyles.swift; sourceTree = "<group>"; };
		C56E10592AF705A2008B54C2 /* issueTokenForViews.ts */ = {isa = PBXFileReference; lastKnownFileType = sourcecode.typescript; path = issueTokenForViews.ts; sourceTree = "<group>"; };
		C56EAC862ACDE51900136B6F /* WITS.json */ = {isa = PBXFileReference; fileEncoding = 4; lastKnownFileType = text.json; path = WITS.json; sourceTree = "<group>"; };
		C56EAC872ACDE51900136B6F /* WITS_metadata.json */ = {isa = PBXFileReference; fileEncoding = 4; lastKnownFileType = text.json; path = WITS_metadata.json; sourceTree = "<group>"; };
		C56EAC892ACDE51900136B6F /* 931af7e5d0a00015de2fcd03cfb9b6ea.json */ = {isa = PBXFileReference; fileEncoding = 4; lastKnownFileType = text.json; path = 931af7e5d0a00015de2fcd03cfb9b6ea.json; sourceTree = "<group>"; };
		C56EAC8A2ACDE51900136B6F /* contract-bed87a3bb7.sol */ = {isa = PBXFileReference; fileEncoding = 4; lastKnownFileType = text; path = "contract-bed87a3bb7.sol"; sourceTree = "<group>"; };
		C56EAC972ACDE63500136B6F /* mintingFunctions.ts */ = {isa = PBXFileReference; fileEncoding = 4; lastKnownFileType = sourcecode.typescript; path = mintingFunctions.ts; sourceTree = "<group>"; };
		C56EAC982ACDE63500136B6F /* package-lock.json */ = {isa = PBXFileReference; fileEncoding = 4; lastKnownFileType = text.json; path = "package-lock.json"; sourceTree = "<group>"; };
		C56EAC992ACDE63500136B6F /* package.json */ = {isa = PBXFileReference; fileEncoding = 4; lastKnownFileType = text.json; path = package.json; sourceTree = "<group>"; };
		C56EAC9A2ACDE63500136B6F /* .eslintrc.js */ = {isa = PBXFileReference; fileEncoding = 4; lastKnownFileType = sourcecode.javascript; path = .eslintrc.js; sourceTree = "<group>"; };
		C56EAC9B2ACDE63500136B6F /* tsconfig.json */ = {isa = PBXFileReference; fileEncoding = 4; lastKnownFileType = text.json; path = tsconfig.json; sourceTree = "<group>"; };
		C56EAC9C2ACDE63500136B6F /* index.ts */ = {isa = PBXFileReference; fileEncoding = 4; lastKnownFileType = sourcecode.typescript; path = index.ts; sourceTree = "<group>"; };
		C57C6D552A0D8C1100B42AC1 /* AboutView.swift */ = {isa = PBXFileReference; lastKnownFileType = sourcecode.swift; path = AboutView.swift; sourceTree = "<group>"; };
		C5822A0E298AFFF6009BFD92 /* GoogleService-Info.plist */ = {isa = PBXFileReference; fileEncoding = 4; lastKnownFileType = text.plist.xml; path = "GoogleService-Info.plist"; sourceTree = "<group>"; };
		C583A4F429D87DEC00CE9319 /* PhotoSelector.swift */ = {isa = PBXFileReference; lastKnownFileType = sourcecode.swift; path = PhotoSelector.swift; sourceTree = "<group>"; };
		C583CCA129BBA51500085D58 /* What-is-The-Story-Info.plist */ = {isa = PBXFileReference; lastKnownFileType = text.plist; path = "What-is-The-Story-Info.plist"; sourceTree = SOURCE_ROOT; };
		C58D2C9429DD006E00FF86C4 /* EpisodeManager.swift */ = {isa = PBXFileReference; lastKnownFileType = sourcecode.swift; path = EpisodeManager.swift; sourceTree = "<group>"; };
		C58D2C9629DD01C600FF86C4 /* EpisdoeVM.swift */ = {isa = PBXFileReference; lastKnownFileType = sourcecode.swift; path = EpisdoeVM.swift; sourceTree = "<group>"; };
		C58D2C9829DE319700FF86C4 /* EpisodeView.swift */ = {isa = PBXFileReference; lastKnownFileType = sourcecode.swift; path = EpisodeView.swift; sourceTree = "<group>"; };
		C58D56EE2B2F5AF60006195A /* UserTokenBalance.swift */ = {isa = PBXFileReference; lastKnownFileType = sourcecode.swift; path = UserTokenBalance.swift; sourceTree = "<group>"; };
		C58D56F02B2F5B200006195A /* UserTokenBalanceVM.swift */ = {isa = PBXFileReference; lastKnownFileType = sourcecode.swift; path = UserTokenBalanceVM.swift; sourceTree = "<group>"; };
		C58D56F22B2F5B340006195A /* UserTokenBalanceView.swift */ = {isa = PBXFileReference; lastKnownFileType = sourcecode.swift; path = UserTokenBalanceView.swift; sourceTree = "<group>"; };
		C58D56F42B2F99220006195A /* UserTokenBalanceManager.swift */ = {isa = PBXFileReference; lastKnownFileType = sourcecode.swift; path = UserTokenBalanceManager.swift; sourceTree = "<group>"; };
		C58D56F62B2FA10D0006195A /* UserTokenDashboardView.swift */ = {isa = PBXFileReference; lastKnownFileType = sourcecode.swift; path = UserTokenDashboardView.swift; sourceTree = "<group>"; };
		C58F2393299D4B4A009DA4BF /* FindView.swift */ = {isa = PBXFileReference; lastKnownFileType = sourcecode.swift; path = FindView.swift; sourceTree = "<group>"; };
		C58F2396299D55A5009DA4BF /* SettingsView.swift */ = {isa = PBXFileReference; lastKnownFileType = sourcecode.swift; path = SettingsView.swift; sourceTree = "<group>"; };
		C58F239B299E9B25009DA4BF /* ImagePicker.swift */ = {isa = PBXFileReference; fileEncoding = 4; lastKnownFileType = sourcecode.swift; path = ImagePicker.swift; sourceTree = "<group>"; };
		C58F239D299EB569009DA4BF /* Colors.swift */ = {isa = PBXFileReference; lastKnownFileType = sourcecode.swift; path = Colors.swift; sourceTree = "<group>"; };
		C58F239F299EB7BB009DA4BF /* ProfileView.swift */ = {isa = PBXFileReference; lastKnownFileType = sourcecode.swift; path = ProfileView.swift; sourceTree = "<group>"; };
		C59404B5296DC575003F0FB7 /* What is The Story.app */ = {isa = PBXFileReference; explicitFileType = wrapper.application; includeInIndex = 0; path = "What is The Story.app"; sourceTree = BUILT_PRODUCTS_DIR; };
		C59404B8296DC575003F0FB7 /* What_is_The_StoryApp.swift */ = {isa = PBXFileReference; lastKnownFileType = sourcecode.swift; path = What_is_The_StoryApp.swift; sourceTree = "<group>"; };
		C59404BA296DC575003F0FB7 /* ContentView.swift */ = {isa = PBXFileReference; lastKnownFileType = sourcecode.swift; path = ContentView.swift; sourceTree = "<group>"; };
		C59404BC296DC576003F0FB7 /* Assets.xcassets */ = {isa = PBXFileReference; lastKnownFileType = folder.assetcatalog; path = Assets.xcassets; sourceTree = "<group>"; };
		C59404BF296DC576003F0FB7 /* Preview Assets.xcassets */ = {isa = PBXFileReference; lastKnownFileType = folder.assetcatalog; path = "Preview Assets.xcassets"; sourceTree = "<group>"; };
		C59404CC296DC6DE003F0FB7 /* User.swift */ = {isa = PBXFileReference; fileEncoding = 4; lastKnownFileType = sourcecode.swift; path = User.swift; sourceTree = "<group>"; };
		C59404CE296DC6FC003F0FB7 /* Episode.swift */ = {isa = PBXFileReference; fileEncoding = 4; lastKnownFileType = sourcecode.swift; path = Episode.swift; sourceTree = "<group>"; };
		C59404D0296DC705003F0FB7 /* Series.swift */ = {isa = PBXFileReference; fileEncoding = 4; lastKnownFileType = sourcecode.swift; path = Series.swift; sourceTree = "<group>"; };
		C59404E6296DD2E2003F0FB7 /* SignUpView.swift */ = {isa = PBXFileReference; lastKnownFileType = sourcecode.swift; path = SignUpView.swift; sourceTree = "<group>"; };
		C59404E8296DDC8D003F0FB7 /* UserManager.swift */ = {isa = PBXFileReference; lastKnownFileType = sourcecode.swift; path = UserManager.swift; sourceTree = "<group>"; };
		C59404EF296E37F9003F0FB7 /* What is The Story.entitlements */ = {isa = PBXFileReference; lastKnownFileType = text.plist.entitlements; path = "What is The Story.entitlements"; sourceTree = "<group>"; };
		C59E4E5829D2512500D9577E /* CreateView.swift */ = {isa = PBXFileReference; lastKnownFileType = sourcecode.swift; path = CreateView.swift; sourceTree = "<group>"; };
		C59E4E5C29D2522800D9577E /* SeriesVM.swift */ = {isa = PBXFileReference; lastKnownFileType = sourcecode.swift; path = SeriesVM.swift; sourceTree = "<group>"; };
		C59E4E5E29D2525D00D9577E /* SeriesManager.swift */ = {isa = PBXFileReference; lastKnownFileType = sourcecode.swift; path = SeriesManager.swift; sourceTree = "<group>"; };
		C5A6F1D82A2509BD0061A479 /* VideoPlayerView.swift */ = {isa = PBXFileReference; lastKnownFileType = sourcecode.swift; path = VideoPlayerView.swift; sourceTree = "<group>"; };
		C5A6F1DA2A2509D10061A479 /* PlayerControlView.swift */ = {isa = PBXFileReference; lastKnownFileType = sourcecode.swift; path = PlayerControlView.swift; sourceTree = "<group>"; };
		C5A6F1DE2A26AE900061A479 /* Tag.swift */ = {isa = PBXFileReference; lastKnownFileType = sourcecode.swift; path = Tag.swift; sourceTree = "<group>"; };
		C5A6F1E02A2781AC0061A479 /* TagVM.swift */ = {isa = PBXFileReference; lastKnownFileType = sourcecode.swift; path = TagVM.swift; sourceTree = "<group>"; };
		C5A6F1E22A27A3910061A479 /* TagManager.swift */ = {isa = PBXFileReference; lastKnownFileType = sourcecode.swift; path = TagManager.swift; sourceTree = "<group>"; };
		C5A969E02B6173E200278669 /* Report.swift */ = {isa = PBXFileReference; lastKnownFileType = sourcecode.swift; path = Report.swift; sourceTree = "<group>"; };
		C5A969E22B61D83C00278669 /* ReportView.swift */ = {isa = PBXFileReference; lastKnownFileType = sourcecode.swift; path = ReportView.swift; sourceTree = "<group>"; };
		C5A969E42B61D8BD00278669 /* ReportVM.swift */ = {isa = PBXFileReference; lastKnownFileType = sourcecode.swift; path = ReportVM.swift; sourceTree = "<group>"; };
		C5A969E62B64101A00278669 /* ReportManager.swift */ = {isa = PBXFileReference; lastKnownFileType = sourcecode.swift; path = ReportManager.swift; sourceTree = "<group>"; };
		C5AFDC3B29BE7E7400B2F6E2 /* FirebaseUtils.swift */ = {isa = PBXFileReference; lastKnownFileType = sourcecode.swift; path = FirebaseUtils.swift; sourceTree = "<group>"; };
		C5AFDC3D29BE850200B2F6E2 /* Image2Data.swift */ = {isa = PBXFileReference; lastKnownFileType = sourcecode.swift; path = Image2Data.swift; sourceTree = "<group>"; };
		C5B24B382B3A20590050A2F6 /* updateUserBalances.ts */ = {isa = PBXFileReference; lastKnownFileType = sourcecode.typescript; path = updateUserBalances.ts; sourceTree = "<group>"; };
		C5B355A42A3B4257003CFAAD /* DateFormat.swift */ = {isa = PBXFileReference; lastKnownFileType = sourcecode.swift; path = DateFormat.swift; sourceTree = "<group>"; };
		C5B6FE792B49F13D007C38A4 /* NavigationManager.swift */ = {isa = PBXFileReference; lastKnownFileType = sourcecode.swift; path = NavigationManager.swift; sourceTree = "<group>"; };
		C5B7577D297EF9B200186852 /* AuthManager.swift */ = {isa = PBXFileReference; lastKnownFileType = sourcecode.swift; path = AuthManager.swift; sourceTree = "<group>"; };
		C5C695682A5DD7F500A311AC /* CommentVM.swift */ = {isa = PBXFileReference; lastKnownFileType = sourcecode.swift; path = CommentVM.swift; sourceTree = "<group>"; };
		C5C6956D2A5F41FC00A311AC /* CommentManager.swift */ = {isa = PBXFileReference; lastKnownFileType = sourcecode.swift; path = CommentManager.swift; sourceTree = "<group>"; };
		C5C765C32B0EAE5100AB3995 /* processTokenClaims.ts */ = {isa = PBXFileReference; lastKnownFileType = sourcecode.typescript; path = processTokenClaims.ts; sourceTree = "<group>"; };
		C5CD5A0A2A43517E009A3BDA /* FireBasePagination.swift */ = {isa = PBXFileReference; lastKnownFileType = sourcecode.swift; path = FireBasePagination.swift; sourceTree = "<group>"; };
		C5E00C162A0E7C3C00E37B0D /* RandomString.swift */ = {isa = PBXFileReference; lastKnownFileType = sourcecode.swift; path = RandomString.swift; sourceTree = "<group>"; };
		C5E00C182A0E814600E37B0D /* ViewsHistoryView.swift */ = {isa = PBXFileReference; lastKnownFileType = sourcecode.swift; path = ViewsHistoryView.swift; sourceTree = "<group>"; };
		C5E00C1A2A0EC0B500E37B0D /* Pagination.swift */ = {isa = PBXFileReference; lastKnownFileType = sourcecode.swift; path = Pagination.swift; sourceTree = "<group>"; };
		C5E2140A29F0560100292118 /* Category.swift */ = {isa = PBXFileReference; lastKnownFileType = sourcecode.swift; path = Category.swift; sourceTree = "<group>"; };
		C5E2140C29F05D2D00292118 /* CategoryVM.swift */ = {isa = PBXFileReference; lastKnownFileType = sourcecode.swift; path = CategoryVM.swift; sourceTree = "<group>"; };
		C5E2140E29F05E5400292118 /* CategoryManager.swift */ = {isa = PBXFileReference; lastKnownFileType = sourcecode.swift; path = CategoryManager.swift; sourceTree = "<group>"; };
		C5E2141029F0649A00292118 /* CategoryView.swift */ = {isa = PBXFileReference; lastKnownFileType = sourcecode.swift; path = CategoryView.swift; sourceTree = "<group>"; };
		C5E290412A143B21005C3A07 /* AppSettings.swift */ = {isa = PBXFileReference; lastKnownFileType = sourcecode.swift; path = AppSettings.swift; sourceTree = "<group>"; };
		C5E9FBBE2975CF6A00121C45 /* Encryption.swift */ = {isa = PBXFileReference; lastKnownFileType = sourcecode.swift; path = Encryption.swift; sourceTree = "<group>"; };
		C5E9FBC029770FC300121C45 /* SignInView.swift */ = {isa = PBXFileReference; lastKnownFileType = sourcecode.swift; path = SignInView.swift; sourceTree = "<group>"; };
		C5E9FBD22979EC7F00121C45 /* Comment.swift */ = {isa = PBXFileReference; lastKnownFileType = sourcecode.swift; path = Comment.swift; sourceTree = "<group>"; };
		C5E9FBE3297A05E800121C45 /* SeriesView.swift */ = {isa = PBXFileReference; lastKnownFileType = sourcecode.swift; path = SeriesView.swift; sourceTree = "<group>"; };
		C5E9FBE7297A062100121C45 /* ProfileUpdate.swift */ = {isa = PBXFileReference; lastKnownFileType = sourcecode.swift; path = ProfileUpdate.swift; sourceTree = "<group>"; };
		C5E9FBEB297A068400121C45 /* CommentView.swift */ = {isa = PBXFileReference; lastKnownFileType = sourcecode.swift; path = CommentView.swift; sourceTree = "<group>"; };
		C5E9FBED297A069800121C45 /* UserView.swift */ = {isa = PBXFileReference; lastKnownFileType = sourcecode.swift; path = UserView.swift; sourceTree = "<group>"; };
		C5E9FBEF297A06D600121C45 /* EpisodeUpdate.swift */ = {isa = PBXFileReference; lastKnownFileType = sourcecode.swift; path = EpisodeUpdate.swift; sourceTree = "<group>"; };
		C5E9FBF1297A072F00121C45 /* SeriesUpdateView.swift */ = {isa = PBXFileReference; lastKnownFileType = sourcecode.swift; path = SeriesUpdateView.swift; sourceTree = "<group>"; };
		C5E9FBF9297A07CF00121C45 /* EarningsView.swift */ = {isa = PBXFileReference; lastKnownFileType = sourcecode.swift; path = EarningsView.swift; sourceTree = "<group>"; };
/* End PBXFileReference section */

/* Begin PBXFrameworksBuildPhase section */
		C59404B2296DC575003F0FB7 /* Frameworks */ = {
			isa = PBXFrameworksBuildPhase;
			buildActionMask = 2147483647;
			files = (
				C51EA88B2A4F2FB300A77F4A /* AdvancedList in Frameworks */,
				C51FC3FB2996B2FE00D7D0C6 /* Algorithms in Frameworks */,
				C59404DE296DCA88003F0FB7 /* FirebaseDatabaseSwift in Frameworks */,
				C59404EE296E35B5003F0FB7 /* FirebaseAuth in Frameworks */,
				C59404DC296DCA88003F0FB7 /* FirebaseDatabase in Frameworks */,
				C56004EA29888E8D0044A9AB /* FirebaseFirestoreSwift in Frameworks */,
				C59404D8296DCA88003F0FB7 /* FirebaseAnalytics in Frameworks */,
				C5A31656298B0DAA00D98972 /* FirebaseStorage in Frameworks */,
				C59404E0296DCA88003F0FB7 /* FirebaseFirestore in Frameworks */,
				C5D3E95D2B210DC500EAEC9C /* FirebaseFunctions in Frameworks */,
				C59404DA296DCA88003F0FB7 /* FirebaseAnalyticsWithoutAdIdSupport in Frameworks */,
			);
			runOnlyForDeploymentPostprocessing = 0;
		};
/* End PBXFrameworksBuildPhase section */

/* Begin PBXGroup section */
		C51EA88C2A54655300A77F4A /* Poll */ = {
			isa = PBXGroup;
			children = (
				C51EA88F2A5466A000A77F4A /* Poll.swift */,
				C51EA8952A547F3E00A77F4A /* PollVM.swift */,
				C51EA8992A5496ED00A77F4A /* PollUpdateView.swift */,
				C51EA89B2A54986A00A77F4A /* PollView.swift */,
				C51EA88D2A54656800A77F4A /* Answer */,
			);
			path = Poll;
			sourceTree = "<group>";
		};
		C51EA88D2A54656800A77F4A /* Answer */ = {
			isa = PBXGroup;
			children = (
				C51EA8A52A56FF5A00A77F4A /* AnswerView.swift */,
				C51EA89D2A54D71E00A77F4A /* AnswerVM.swift */,
				C51EA8912A54674E00A77F4A /* Answer.swift */,
				C51EA88E2A5465BD00A77F4A /* Vote */,
			);
			path = Answer;
			sourceTree = "<group>";
		};
		C51EA88E2A5465BD00A77F4A /* Vote */ = {
			isa = PBXGroup;
			children = (
				C51EA8932A5467B000A77F4A /* Vote.swift */,
				C51EA89F2A54D73500A77F4A /* VoteVM.swift */,
			);
			path = Vote;
			sourceTree = "<group>";
		};
		C51FC3FC299AED8000D7D0C6 /* Navigation */ = {
			isa = PBXGroup;
			children = (
				C51FC402299AF03B00D7D0C6 /* AccountMenu.swift */,
				C51FC400299AF02500D7D0C6 /* HomeTabView.swift */,
				C58F2393299D4B4A009DA4BF /* FindView.swift */,
				C57C6D552A0D8C1100B42AC1 /* AboutView.swift */,
			);
			path = Navigation;
			sourceTree = "<group>";
		};
		C51FC3FD299AEDDB00D7D0C6 /* Community */ = {
			isa = PBXGroup;
			children = (
				C51FC404299AF2DC00D7D0C6 /* CommunityView.swift */,
			);
			path = Community;
			sourceTree = "<group>";
		};
		C53AE50D29F82C0400F6B149 /* LandingPage */ = {
			isa = PBXGroup;
			children = (
				C53AE50E29F82C1B00F6B149 /* LandingPageVM.swift */,
				C55233AF29F99562009C3CEE /* LandingPageView.swift */,
			);
			path = LandingPage;
			sourceTree = "<group>";
		};
		C5660F272992997D0079CBF1 /* User */ = {
			isa = PBXGroup;
			children = (
				C59404CC296DC6DE003F0FB7 /* User.swift */,
				C5E9FBED297A069800121C45 /* UserView.swift */,
				C51FC3FE299AEF3800D7D0C6 /* UserVM.swift */,
			);
			path = User;
			sourceTree = "<group>";
		};
		C5660F28299299B60079CBF1 /* Profile */ = {
			isa = PBXGroup;
			children = (
				C58F239F299EB7BB009DA4BF /* ProfileView.swift */,
				C5E9FBE7297A062100121C45 /* ProfileUpdate.swift */,
				C5660F2B29929B530079CBF1 /* Profile.swift */,
				C5660F312992BB870079CBF1 /* ProfileVM.swift */,
			);
			path = Profile;
			sourceTree = "<group>";
		};
		C5660F2D2992A8C40079CBF1 /* Earnings */ = {
			isa = PBXGroup;
			children = (
				C5E9FBF9297A07CF00121C45 /* EarningsView.swift */,
			);
			path = Earnings;
			sourceTree = "<group>";
		};
		C56B2E4F29F969B800EBF321 /* ViewRating */ = {
			isa = PBXGroup;
			children = (
				C55233B129FC245E009C3CEE /* ViewRatingVM.swift */,
				C56B2E5029F969DB00EBF321 /* ViewRating.swift */,
				C56804672A09997C00094AC3 /* RatingStartsView.swift */,
				C56804692A0A868900094AC3 /* ViewRatingView.swift */,
				C5E00C182A0E814600E37B0D /* ViewsHistoryView.swift */,
			);
			path = ViewRating;
			sourceTree = "<group>";
		};
		C56E0DF42A17A74C00A3DE56 /* Bookmark */ = {
			isa = PBXGroup;
			children = (
				C56E0DF52A17A76800A3DE56 /* Bookmark.swift */,
				C56E0DF72A17A8A300A3DE56 /* BookmarkVM.swift */,
				C56E0DFB2A17A99900A3DE56 /* BookmarkListView.swift */,
			);
			path = Bookmark;
			sourceTree = "<group>";
		};
		C56E0DFF2A1D711200A3DE56 /* Search */ = {
			isa = PBXGroup;
			children = (
				C56E0E002A1D712500A3DE56 /* SearchVM.swift */,
				C56E0E022A1D75A100A3DE56 /* SearchView.swift */,
			);
			path = Search;
			sourceTree = "<group>";
		};
		C56EAC842ACDE51900136B6F /* Blockchain */ = {
			isa = PBXGroup;
			children = (
				C56EAC852ACDE51900136B6F /* artifacts */,
				C56EAC8A2ACDE51900136B6F /* contract-bed87a3bb7.sol */,
			);
			path = Blockchain;
			sourceTree = "<group>";
		};
		C56EAC852ACDE51900136B6F /* artifacts */ = {
			isa = PBXGroup;
			children = (
				C56EAC862ACDE51900136B6F /* WITS.json */,
				C56EAC872ACDE51900136B6F /* WITS_metadata.json */,
				C56EAC882ACDE51900136B6F /* build-info */,
			);
			path = artifacts;
			sourceTree = "<group>";
		};
		C56EAC882ACDE51900136B6F /* build-info */ = {
			isa = PBXGroup;
			children = (
				C56EAC892ACDE51900136B6F /* 931af7e5d0a00015de2fcd03cfb9b6ea.json */,
			);
			path = "build-info";
			sourceTree = "<group>";
		};
		C56EAC932ACDE63500136B6F /* Functions */ = {
			isa = PBXGroup;
			children = (
				C56EAC972ACDE63500136B6F /* mintingFunctions.ts */,
				C56EAC982ACDE63500136B6F /* package-lock.json */,
				C56EAC992ACDE63500136B6F /* package.json */,
				C56EAC9A2ACDE63500136B6F /* .eslintrc.js */,
				C56EAC9B2ACDE63500136B6F /* tsconfig.json */,
				C56EAC9C2ACDE63500136B6F /* index.ts */,
				C56E10592AF705A2008B54C2 /* issueTokenForViews.ts */,
				C5C765C32B0EAE5100AB3995 /* processTokenClaims.ts */,
				C5B24B382B3A20590050A2F6 /* updateUserBalances.ts */,
				C542CE2A2B407CF800AF885C /* FinalizePolls.ts */,
			);
			path = Functions;
			sourceTree = "<group>";
		};
		C57621FB29F36B21005C41D7 /* Theme */ = {
			isa = PBXGroup;
			children = (
				C56E0E062A20F79400A3DE56 /* Theme.swift */,
				C56E0E082A2165B500A3DE56 /* ComponentStyles.swift */,
			);
			path = Theme;
			sourceTree = "<group>";
		};
		C58F2395299D5571009DA4BF /* Settings */ = {
			isa = PBXGroup;
			children = (
				C58F2396299D55A5009DA4BF /* SettingsView.swift */,
			);
			path = Settings;
			sourceTree = "<group>";
		};
		C59404AC296DC575003F0FB7 = {
			isa = PBXGroup;
			children = (
				C5A969DF2B6173B900278669 /* Reporting */,
				C5C695672A5DA0E700A311AC /* Tokens */,
				C5C695662A5DA0D000A311AC /* Comments */,
				C56B2E4F29F969B800EBF321 /* ViewRating */,
				C5E2140929F055D900292118 /* Category */,
				C5A6F1DC2A26AD9F0061A479 /* Tag */,
				C56E0DFF2A1D711200A3DE56 /* Search */,
				C56E0DF42A17A74C00A3DE56 /* Bookmark */,
				C53AE50D29F82C0400F6B149 /* LandingPage */,
				C5E2140829F055B300292118 /* Settings */,
				C5E9FBDC297A04D900121C45 /* Episode */,
				C5E9FBDF297A051500121C45 /* Series */,
				C5822A0E298AFFF6009BFD92 /* GoogleService-Info.plist */,
				C59404B7296DC575003F0FB7 /* What is The Story */,
				C51FC3FC299AED8000D7D0C6 /* Navigation */,
				C51FC3FD299AEDDB00D7D0C6 /* Community */,
				C59404E5296DD2AD003F0FB7 /* Account */,
				C5E9FBBD2975CF4600121C45 /* Utils */,
				C59404CA296DC64D003F0FB7 /* Resources */,
				C59404C8296DC615003F0FB7 /* Networking */,
				C59404B6296DC575003F0FB7 /* Products */,
				C5D3E95B2B210DC500EAEC9C /* Frameworks */,
			);
			sourceTree = "<group>";
		};
		C59404B6296DC575003F0FB7 /* Products */ = {
			isa = PBXGroup;
			children = (
				C59404B5296DC575003F0FB7 /* What is The Story.app */,
			);
			name = Products;
			sourceTree = "<group>";
		};
		C59404B7296DC575003F0FB7 /* What is The Story */ = {
			isa = PBXGroup;
			children = (
				C59404B8296DC575003F0FB7 /* What_is_The_StoryApp.swift */,
				C583CCA129BBA51500085D58 /* What-is-The-Story-Info.plist */,
				C59404EF296E37F9003F0FB7 /* What is The Story.entitlements */,
				C59404BA296DC575003F0FB7 /* ContentView.swift */,
				C59404BC296DC576003F0FB7 /* Assets.xcassets */,
				C59404BE296DC576003F0FB7 /* Preview Content */,
			);
			path = "What is The Story";
			sourceTree = "<group>";
		};
		C59404BE296DC576003F0FB7 /* Preview Content */ = {
			isa = PBXGroup;
			children = (
				C59404BF296DC576003F0FB7 /* Preview Assets.xcassets */,
			);
			path = "Preview Content";
			sourceTree = "<group>";
		};
		C59404C8296DC615003F0FB7 /* Networking */ = {
			isa = PBXGroup;
			children = (
				C56EAC842ACDE51900136B6F /* Blockchain */,
				C59404C9296DC637003F0FB7 /* Firebase */,
			);
			path = Networking;
			sourceTree = "<group>";
		};
		C59404C9296DC637003F0FB7 /* Firebase */ = {
			isa = PBXGroup;
			children = (
				C56EAC932ACDE63500136B6F /* Functions */,
				C5CD5A092A435165009A3BDA /* Abstractions */,
				C59E4E6029D2527600D9577E /* dbManagers */,
				C59404F0296E3FEF003F0FB7 /* Authentication */,
				C5AFDC3B29BE7E7400B2F6E2 /* FirebaseUtils.swift */,
			);
			path = Firebase;
			sourceTree = "<group>";
		};
		C59404CA296DC64D003F0FB7 /* Resources */ = {
			isa = PBXGroup;
			children = (
			);
			path = Resources;
			sourceTree = "<group>";
		};
		C59404E5296DD2AD003F0FB7 /* Account */ = {
			isa = PBXGroup;
			children = (
				C5660F272992997D0079CBF1 /* User */,
				C5660F28299299B60079CBF1 /* Profile */,
				C5660F2D2992A8C40079CBF1 /* Earnings */,
				C58F2395299D5571009DA4BF /* Settings */,
				C5B7577F297F125C00186852 /* Authentication */,
			);
			path = Account;
			sourceTree = "<group>";
		};
		C59404F0296E3FEF003F0FB7 /* Authentication */ = {
			isa = PBXGroup;
			children = (
				C5B7577D297EF9B200186852 /* AuthManager.swift */,
			);
			path = Authentication;
			sourceTree = "<group>";
		};
		C59E4E6029D2527600D9577E /* dbManagers */ = {
			isa = PBXGroup;
			children = (
				C59404E8296DDC8D003F0FB7 /* UserManager.swift */,
				C5660F332992C21C0079CBF1 /* ProfileManager.swift */,
				C59E4E5E29D2525D00D9577E /* SeriesManager.swift */,
				C58D2C9429DD006E00FF86C4 /* EpisodeManager.swift */,
				C5E2140E29F05E5400292118 /* CategoryManager.swift */,
				C55233B329FC2AFD009C3CEE /* ViewRatingsManager.swift */,
				C56E0DFD2A17AC2800A3DE56 /* BookmarkManager.swift */,
				C5A6F1E22A27A3910061A479 /* TagManager.swift */,
				C51EA8972A547FA300A77F4A /* PollManager.swift */,
				C51EA8A12A54D80200A77F4A /* AnswerManager.swift */,
				C51EA8A32A54DC9300A77F4A /* VoteManager.swift */,
				C5C6956D2A5F41FC00A311AC /* CommentManager.swift */,
				C51DD10E2A6F1CE800179B23 /* TokenManager.swift */,
				C58D56F42B2F99220006195A /* UserTokenBalanceManager.swift */,
				C5A969E62B64101A00278669 /* ReportManager.swift */,
			);
			path = dbManagers;
			sourceTree = "<group>";
		};
		C5A6F1D72A25099F0061A479 /* VideoPlayer */ = {
			isa = PBXGroup;
			children = (
				C5A6F1D82A2509BD0061A479 /* VideoPlayerView.swift */,
				C5A6F1DA2A2509D10061A479 /* PlayerControlView.swift */,
			);
			path = VideoPlayer;
			sourceTree = "<group>";
		};
		C5A6F1DC2A26AD9F0061A479 /* Tag */ = {
			isa = PBXGroup;
			children = (
				C5A6F1DE2A26AE900061A479 /* Tag.swift */,
				C5A6F1E02A2781AC0061A479 /* TagVM.swift */,
				C55E7CA82A2E1B8200CE34FC /* TagViews.swift */,
			);
			path = Tag;
			sourceTree = "<group>";
		};
		C5A969DF2B6173B900278669 /* Reporting */ = {
			isa = PBXGroup;
			children = (
				C5A969E02B6173E200278669 /* Report.swift */,
				C5A969E22B61D83C00278669 /* ReportView.swift */,
				C5A969E42B61D8BD00278669 /* ReportVM.swift */,
			);
			path = Reporting;
			sourceTree = "<group>";
		};
		C5B7577F297F125C00186852 /* Authentication */ = {
			isa = PBXGroup;
			children = (
				C5E9FBC029770FC300121C45 /* SignInView.swift */,
				C59404E6296DD2E2003F0FB7 /* SignUpView.swift */,
				C523561C29A93AE600A079E8 /* SignOutView.swift */,
			);
			path = Authentication;
			sourceTree = "<group>";
		};
		C5C695662A5DA0D000A311AC /* Comments */ = {
			isa = PBXGroup;
			children = (
				C5E9FBEB297A068400121C45 /* CommentView.swift */,
				C5E9FBD22979EC7F00121C45 /* Comment.swift */,
				C5C695682A5DD7F500A311AC /* CommentVM.swift */,
			);
			path = Comments;
			sourceTree = "<group>";
		};
		C5C695672A5DA0E700A311AC /* Tokens */ = {
			isa = PBXGroup;
			children = (
				C5D3E9532B1E551A00EAEC9C /* UserTokenBalance */,
			);
			path = Tokens;
			sourceTree = "<group>";
		};
		C5CD5A092A435165009A3BDA /* Abstractions */ = {
			isa = PBXGroup;
			children = (
				C5CD5A0A2A43517E009A3BDA /* FireBasePagination.swift */,
			);
			path = Abstractions;
			sourceTree = "<group>";
		};
		C5D3E9532B1E551A00EAEC9C /* UserTokenBalance */ = {
			isa = PBXGroup;
			children = (
				C58D56EE2B2F5AF60006195A /* UserTokenBalance.swift */,
				C58D56F02B2F5B200006195A /* UserTokenBalanceVM.swift */,
				C58D56F22B2F5B340006195A /* UserTokenBalanceView.swift */,
				C5D3E9542B1E553000EAEC9C /* UserTokenDashboard */,
			);
			path = UserTokenBalance;
			sourceTree = "<group>";
		};
		C5D3E9542B1E553000EAEC9C /* UserTokenDashboard */ = {
			isa = PBXGroup;
			children = (
				C58D56F62B2FA10D0006195A /* UserTokenDashboardView.swift */,
			);
			path = UserTokenDashboard;
			sourceTree = "<group>";
		};
		C5D3E95B2B210DC500EAEC9C /* Frameworks */ = {
			isa = PBXGroup;
			children = (
			);
			name = Frameworks;
			sourceTree = "<group>";
		};
		C5E2140829F055B300292118 /* Settings */ = {
			isa = PBXGroup;
			children = (
				C5E290412A143B21005C3A07 /* AppSettings.swift */,
				C57621FB29F36B21005C41D7 /* Theme */,
			);
			path = Settings;
			sourceTree = "<group>";
		};
		C5E2140929F055D900292118 /* Category */ = {
			isa = PBXGroup;
			children = (
				C5E2140A29F0560100292118 /* Category.swift */,
				C5E2140C29F05D2D00292118 /* CategoryVM.swift */,
				C5E2141029F0649A00292118 /* CategoryView.swift */,
			);
			path = Category;
			sourceTree = "<group>";
		};
		C5E9FBBD2975CF4600121C45 /* Utils */ = {
			isa = PBXGroup;
			children = (
				C5A6F1D72A25099F0061A479 /* VideoPlayer */,
				C5AFDC3D29BE850200B2F6E2 /* Image2Data.swift */,
				C58F239D299EB569009DA4BF /* Colors.swift */,
				C502DD73298D92E3002930B4 /* PathRouter.swift */,
				C5E9FBBE2975CF6A00121C45 /* Encryption.swift */,
				C58F239B299E9B25009DA4BF /* ImagePicker.swift */,
				C583A4F429D87DEC00CE9319 /* PhotoSelector.swift */,
				C5E00C162A0E7C3C00E37B0D /* RandomString.swift */,
				C5E00C1A2A0EC0B500E37B0D /* Pagination.swift */,
				C5B355A42A3B4257003CFAAD /* DateFormat.swift */,
				C5383BD62A3F824600ADA8BB /* SavingProgressView.swift */,
				C5B6FE792B49F13D007C38A4 /* NavigationManager.swift */,
			);
			path = Utils;
			sourceTree = "<group>";
		};
		C5E9FBDC297A04D900121C45 /* Episode */ = {
			isa = PBXGroup;
			children = (
				C51EA88C2A54655300A77F4A /* Poll */,
				C59404CE296DC6FC003F0FB7 /* Episode.swift */,
				C5E9FBEF297A06D600121C45 /* EpisodeUpdate.swift */,
				C58D2C9629DD01C600FF86C4 /* EpisdoeVM.swift */,
				C58D2C9829DE319700FF86C4 /* EpisodeView.swift */,
			);
			path = Episode;
			sourceTree = "<group>";
		};
		C5E9FBDF297A051500121C45 /* Series */ = {
			isa = PBXGroup;
			children = (
				C59E4E5829D2512500D9577E /* CreateView.swift */,
				C59404D0296DC705003F0FB7 /* Series.swift */,
				C5E9FBE3297A05E800121C45 /* SeriesView.swift */,
				C5E9FBF1297A072F00121C45 /* SeriesUpdateView.swift */,
				C59E4E5C29D2522800D9577E /* SeriesVM.swift */,
				C55E7CAA2A3110C200CE34FC /* SeriesNavigationViews.swift */,
			);
			path = Series;
			sourceTree = "<group>";
		};
/* End PBXGroup section */

/* Begin PBXNativeTarget section */
		C59404B4296DC575003F0FB7 /* What is The Story */ = {
			isa = PBXNativeTarget;
			buildConfigurationList = C59404C3296DC576003F0FB7 /* Build configuration list for PBXNativeTarget "What is The Story" */;
			buildPhases = (
				C59404B1296DC575003F0FB7 /* Sources */,
				C59404B2296DC575003F0FB7 /* Frameworks */,
				C59404B3296DC575003F0FB7 /* Resources */,
			);
			buildRules = (
			);
			dependencies = (
			);
			name = "What is The Story";
			packageProductDependencies = (
				C59404D7296DCA88003F0FB7 /* FirebaseAnalytics */,
				C59404D9296DCA88003F0FB7 /* FirebaseAnalyticsWithoutAdIdSupport */,
				C59404DB296DCA88003F0FB7 /* FirebaseDatabase */,
				C59404DD296DCA88003F0FB7 /* FirebaseDatabaseSwift */,
				C59404DF296DCA88003F0FB7 /* FirebaseFirestore */,
				C59404ED296E35B5003F0FB7 /* FirebaseAuth */,
				C56004E929888E8D0044A9AB /* FirebaseFirestoreSwift */,
				C5A31655298B0DAA00D98972 /* FirebaseStorage */,
				C51FC3FA2996B2FE00D7D0C6 /* Algorithms */,
				C51EA88A2A4F2FB300A77F4A /* AdvancedList */,
				C5D3E95C2B210DC500EAEC9C /* FirebaseFunctions */,
			);
			productName = "What is The Story";
			productReference = C59404B5296DC575003F0FB7 /* What is The Story.app */;
			productType = "com.apple.product-type.application";
		};
/* End PBXNativeTarget section */

/* Begin PBXProject section */
		C59404AD296DC575003F0FB7 /* Project object */ = {
			isa = PBXProject;
			attributes = {
				BuildIndependentTargetsInParallel = 1;
				LastSwiftUpdateCheck = 1420;
				LastUpgradeCheck = 1500;
				TargetAttributes = {
					C59404B4296DC575003F0FB7 = {
						CreatedOnToolsVersion = 14.2;
					};
				};
			};
			buildConfigurationList = C59404B0296DC575003F0FB7 /* Build configuration list for PBXProject "What is The Story" */;
			compatibilityVersion = "Xcode 14.0";
			developmentRegion = en;
			hasScannedForEncodings = 0;
			knownRegions = (
				en,
				Base,
			);
			mainGroup = C59404AC296DC575003F0FB7;
			packageReferences = (
				C59404D6296DCA88003F0FB7 /* XCRemoteSwiftPackageReference "firebase-ios-sdk" */,
				C51FC3F92996B2FE00D7D0C6 /* XCRemoteSwiftPackageReference "swift-algorithms" */,
				C51EA8892A4F2FB300A77F4A /* XCRemoteSwiftPackageReference "AdvancedList" */,
			);
			productRefGroup = C59404B6296DC575003F0FB7 /* Products */;
			projectDirPath = "";
			projectRoot = "";
			targets = (
				C59404B4296DC575003F0FB7 /* What is The Story */,
			);
		};
/* End PBXProject section */

/* Begin PBXResourcesBuildPhase section */
		C59404B3296DC575003F0FB7 /* Resources */ = {
			isa = PBXResourcesBuildPhase;
			buildActionMask = 2147483647;
			files = (
				C56EAC8D2ACDE51900136B6F /* WITS.json in Resources */,
				C56EAC8E2ACDE51900136B6F /* WITS_metadata.json in Resources */,
				C59404C0296DC576003F0FB7 /* Preview Assets.xcassets in Resources */,
				C59404BD296DC576003F0FB7 /* Assets.xcassets in Resources */,
				C56EACA02ACDE63500136B6F /* package-lock.json in Resources */,
				C56EACA22ACDE63500136B6F /* .eslintrc.js in Resources */,
				C56EACA32ACDE63500136B6F /* tsconfig.json in Resources */,
				C56EAC8F2ACDE51900136B6F /* 931af7e5d0a00015de2fcd03cfb9b6ea.json in Resources */,
				C56EACA12ACDE63500136B6F /* package.json in Resources */,
				C56EAC902ACDE51900136B6F /* contract-bed87a3bb7.sol in Resources */,
				C5822A0F298AFFF6009BFD92 /* GoogleService-Info.plist in Resources */,
			);
			runOnlyForDeploymentPostprocessing = 0;
		};
/* End PBXResourcesBuildPhase section */

/* Begin PBXSourcesBuildPhase section */
		C59404B1296DC575003F0FB7 /* Sources */ = {
			isa = PBXSourcesBuildPhase;
			buildActionMask = 2147483647;
			files = (
				C5E9FBF2297A072F00121C45 /* SeriesUpdateView.swift in Sources */,
				C55E7CA92A2E1B8200CE34FC /* TagViews.swift in Sources */,
				C502DD74298D92E3002930B4 /* PathRouter.swift in Sources */,
				C59404BB296DC575003F0FB7 /* ContentView.swift in Sources */,
				C5A6F1DB2A2509D10061A479 /* PlayerControlView.swift in Sources */,
				C51EA8922A54674E00A77F4A /* Answer.swift in Sources */,
				C5A969E52B61D8BD00278669 /* ReportVM.swift in Sources */,
				C5C6956C2A5EE72900A311AC /* CommentVM.swift in Sources */,
				C58F2397299D55A5009DA4BF /* SettingsView.swift in Sources */,
				C5E2140F29F05E5400292118 /* CategoryManager.swift in Sources */,
				C59E4E5D29D2522800D9577E /* SeriesVM.swift in Sources */,
				C5B7577E297EF9B200186852 /* AuthManager.swift in Sources */,
				C58D56EF2B2F5AF60006195A /* UserTokenBalance.swift in Sources */,
				C51EA8A62A56FF5A00A77F4A /* AnswerView.swift in Sources */,
				C56E0DFE2A17AC2800A3DE56 /* BookmarkManager.swift in Sources */,
				C5A6F1D92A2509BD0061A479 /* VideoPlayerView.swift in Sources */,
				C51FC405299AF2DC00D7D0C6 /* CommunityView.swift in Sources */,
				C56E0DF62A17A76800A3DE56 /* Bookmark.swift in Sources */,
				C5AFDC3C29BE7E7400B2F6E2 /* FirebaseUtils.swift in Sources */,
				C5660F342992C21C0079CBF1 /* ProfileManager.swift in Sources */,
				C56E0DFC2A17A99900A3DE56 /* BookmarkListView.swift in Sources */,
				C58D2C9929DE319700FF86C4 /* EpisodeView.swift in Sources */,
				C56E0DF82A17A8A300A3DE56 /* BookmarkVM.swift in Sources */,
				C5CD5A0B2A43517E009A3BDA /* FireBasePagination.swift in Sources */,
				C5A6F1E32A27A3910061A479 /* TagManager.swift in Sources */,
				C58F2394299D4B4A009DA4BF /* FindView.swift in Sources */,
				C51EA8A42A54DC9300A77F4A /* VoteManager.swift in Sources */,
				C5C6956B2A5EE72500A311AC /* Comment.swift in Sources */,
				C58F239C299E9B25009DA4BF /* ImagePicker.swift in Sources */,
				C51EA8A02A54D73500A77F4A /* VoteVM.swift in Sources */,
				C5B6FE7A2B49F13D007C38A4 /* NavigationManager.swift in Sources */,
				C5C6956E2A5F41FC00A311AC /* CommentManager.swift in Sources */,
				C5A969E12B6173E200278669 /* Report.swift in Sources */,
				C59404E9296DDC8D003F0FB7 /* UserManager.swift in Sources */,
				C51FC401299AF02500D7D0C6 /* HomeTabView.swift in Sources */,
				C51EA8962A547F3E00A77F4A /* PollVM.swift in Sources */,
				C55E7CAB2A3110C200CE34FC /* SeriesNavigationViews.swift in Sources */,
				C51EA8982A547FA300A77F4A /* PollManager.swift in Sources */,
				C5E00C172A0E7C3C00E37B0D /* RandomString.swift in Sources */,
				C5C6956A2A5EE72200A311AC /* CommentView.swift in Sources */,
				C59E4E5F29D2525D00D9577E /* SeriesManager.swift in Sources */,
				C59404CF296DC6FC003F0FB7 /* Episode.swift in Sources */,
				C51EA89E2A54D71E00A77F4A /* AnswerVM.swift in Sources */,
				C58D2C9729DD01C600FF86C4 /* EpisdoeVM.swift in Sources */,
				C5A6F1DF2A26AE900061A479 /* Tag.swift in Sources */,
				C59404B9296DC575003F0FB7 /* What_is_The_StoryApp.swift in Sources */,
				C58D56F52B2F99220006195A /* UserTokenBalanceManager.swift in Sources */,
				C5E00C1B2A0EC0B500E37B0D /* Pagination.swift in Sources */,
				C51EA8902A5466A000A77F4A /* Poll.swift in Sources */,
				C59E4E5929D2512500D9577E /* CreateView.swift in Sources */,
				C5E9FBFA297A07CF00121C45 /* EarningsView.swift in Sources */,
				C58D2C9529DD006E00FF86C4 /* EpisodeManager.swift in Sources */,
				C523561D29A93AE600A079E8 /* SignOutView.swift in Sources */,
				C51EA8942A5467B000A77F4A /* Vote.swift in Sources */,
				C59404CD296DC6DE003F0FB7 /* User.swift in Sources */,
				C58D56F32B2F5B340006195A /* UserTokenBalanceView.swift in Sources */,
				C55233B429FC2AFD009C3CEE /* ViewRatingsManager.swift in Sources */,
				C56804682A09997C00094AC3 /* RatingStartsView.swift in Sources */,
				C58D56F72B2FA10D0006195A /* UserTokenDashboardView.swift in Sources */,
				C5A969E32B61D83C00278669 /* ReportView.swift in Sources */,
				C5660F322992BB870079CBF1 /* ProfileVM.swift in Sources */,
				C5E9FBBF2975CF6A00121C45 /* Encryption.swift in Sources */,
				C5E2141129F0649A00292118 /* CategoryView.swift in Sources */,
				C51FC3FF299AEF3800D7D0C6 /* UserVM.swift in Sources */,
				C5AFDC3E29BE850200B2F6E2 /* Image2Data.swift in Sources */,
				C5383BD72A3F824600ADA8BB /* SavingProgressView.swift in Sources */,
				C56E0E032A1D75A100A3DE56 /* SearchView.swift in Sources */,
				C568046A2A0A868900094AC3 /* ViewRatingView.swift in Sources */,
				C5E00C192A0E814600E37B0D /* ViewsHistoryView.swift in Sources */,
				C58F239E299EB569009DA4BF /* Colors.swift in Sources */,
				C58D56F12B2F5B200006195A /* UserTokenBalanceVM.swift in Sources */,
				C53AE50F29F82C1B00F6B149 /* LandingPageVM.swift in Sources */,
				C5A6F1E12A2781AC0061A479 /* TagVM.swift in Sources */,
				C56E0E072A20F79400A3DE56 /* Theme.swift in Sources */,
				C51EA89A2A5496ED00A77F4A /* PollUpdateView.swift in Sources */,
				C5A969E72B64101A00278669 /* ReportManager.swift in Sources */,
				C5E9FBEE297A069800121C45 /* UserView.swift in Sources */,
				C55233B029F99562009C3CEE /* LandingPageView.swift in Sources */,
				C51FC403299AF03B00D7D0C6 /* AccountMenu.swift in Sources */,
				C51EA89C2A54986A00A77F4A /* PollView.swift in Sources */,
				C5B355A52A3B4257003CFAAD /* DateFormat.swift in Sources */,
				C583A4F529D87DEC00CE9319 /* PhotoSelector.swift in Sources */,
				C5E2140D29F05D2D00292118 /* CategoryVM.swift in Sources */,
				C5E290422A143B21005C3A07 /* AppSettings.swift in Sources */,
				C59404E7296DD2E2003F0FB7 /* SignUpView.swift in Sources */,
				C5660F2C29929B530079CBF1 /* Profile.swift in Sources */,
				C5E9FBF0297A06D600121C45 /* EpisodeUpdate.swift in Sources */,
				C56B2E5129F969DB00EBF321 /* ViewRating.swift in Sources */,
				C58F23A0299EB7BB009DA4BF /* ProfileView.swift in Sources */,
				C5E9FBE4297A05E800121C45 /* SeriesView.swift in Sources */,
				C51EA8A22A54D80200A77F4A /* AnswerManager.swift in Sources */,
				C59404D1296DC705003F0FB7 /* Series.swift in Sources */,
				C57C6D562A0D8C1100B42AC1 /* AboutView.swift in Sources */,
				C5E9FBC129770FC300121C45 /* SignInView.swift in Sources */,
				C5E9FBE8297A062100121C45 /* ProfileUpdate.swift in Sources */,
				C5E2140B29F0560100292118 /* Category.swift in Sources */,
				C56E0E092A2165B500A3DE56 /* ComponentStyles.swift in Sources */,
				C55233B229FC245E009C3CEE /* ViewRatingVM.swift in Sources */,
				C56E0E012A1D712500A3DE56 /* SearchVM.swift in Sources */,
			);
			runOnlyForDeploymentPostprocessing = 0;
		};
/* End PBXSourcesBuildPhase section */

/* Begin XCBuildConfiguration section */
		C54B7304298AEC1000C2F0FC /* Emulators */ = {
			isa = XCBuildConfiguration;
			buildSettings = {
				ALWAYS_SEARCH_USER_PATHS = NO;
				CLANG_ANALYZER_NONNULL = YES;
				CLANG_ANALYZER_NUMBER_OBJECT_CONVERSION = YES_AGGRESSIVE;
				CLANG_CXX_LANGUAGE_STANDARD = "gnu++20";
				CLANG_ENABLE_MODULES = YES;
				CLANG_ENABLE_OBJC_ARC = YES;
				CLANG_ENABLE_OBJC_WEAK = YES;
				CLANG_WARN_BLOCK_CAPTURE_AUTORELEASING = YES;
				CLANG_WARN_BOOL_CONVERSION = YES;
				CLANG_WARN_COMMA = YES;
				CLANG_WARN_CONSTANT_CONVERSION = YES;
				CLANG_WARN_DEPRECATED_OBJC_IMPLEMENTATIONS = YES;
				CLANG_WARN_DIRECT_OBJC_ISA_USAGE = YES_ERROR;
				CLANG_WARN_DOCUMENTATION_COMMENTS = YES;
				CLANG_WARN_EMPTY_BODY = YES;
				CLANG_WARN_ENUM_CONVERSION = YES;
				CLANG_WARN_INFINITE_RECURSION = YES;
				CLANG_WARN_INT_CONVERSION = YES;
				CLANG_WARN_NON_LITERAL_NULL_CONVERSION = YES;
				CLANG_WARN_OBJC_IMPLICIT_RETAIN_SELF = YES;
				CLANG_WARN_OBJC_LITERAL_CONVERSION = YES;
				CLANG_WARN_OBJC_ROOT_CLASS = YES_ERROR;
				CLANG_WARN_QUOTED_INCLUDE_IN_FRAMEWORK_HEADER = YES;
				CLANG_WARN_RANGE_LOOP_ANALYSIS = YES;
				CLANG_WARN_STRICT_PROTOTYPES = YES;
				CLANG_WARN_SUSPICIOUS_MOVE = YES;
				CLANG_WARN_UNGUARDED_AVAILABILITY = YES_AGGRESSIVE;
				CLANG_WARN_UNREACHABLE_CODE = YES;
				CLANG_WARN__DUPLICATE_METHOD_MATCH = YES;
				COPY_PHASE_STRIP = NO;
				DEBUG_INFORMATION_FORMAT = dwarf;
				ENABLE_STRICT_OBJC_MSGSEND = YES;
				ENABLE_TESTABILITY = YES;
				ENABLE_USER_SCRIPT_SANDBOXING = YES;
				GCC_C_LANGUAGE_STANDARD = gnu11;
				GCC_DYNAMIC_NO_PIC = NO;
				GCC_NO_COMMON_BLOCKS = YES;
				GCC_OPTIMIZATION_LEVEL = 0;
				GCC_PREPROCESSOR_DEFINITIONS = (
					"DEBUG=1",
					"$(inherited)",
				);
				GCC_WARN_64_TO_32_BIT_CONVERSION = YES;
				GCC_WARN_ABOUT_RETURN_TYPE = YES_ERROR;
				GCC_WARN_UNDECLARED_SELECTOR = YES;
				GCC_WARN_UNINITIALIZED_AUTOS = YES_AGGRESSIVE;
				GCC_WARN_UNUSED_FUNCTION = YES;
				GCC_WARN_UNUSED_VARIABLE = YES;
				IPHONEOS_DEPLOYMENT_TARGET = 16.2;
				MTL_ENABLE_DEBUG_INFO = INCLUDE_SOURCE;
				MTL_FAST_MATH = YES;
				ONLY_ACTIVE_ARCH = YES;
				OTHER_SWIFT_FLAGS = "";
				"OTHER_SWIFT_FLAGS[arch=*]" = "-D EMULATORS";
				SDKROOT = iphoneos;
				SWIFT_ACTIVE_COMPILATION_CONDITIONS = "";
				SWIFT_OPTIMIZATION_LEVEL = "-Onone";
			};
			name = Emulators;
		};
		C54B7305298AEC1000C2F0FC /* Emulators */ = {
			isa = XCBuildConfiguration;
			buildSettings = {
				ASSETCATALOG_COMPILER_APPICON_NAME = AppIcon;
				ASSETCATALOG_COMPILER_GLOBAL_ACCENT_COLOR_NAME = AccentColor;
				CODE_SIGN_ENTITLEMENTS = "What is The Story/What is The Story.entitlements";
				CODE_SIGN_IDENTITY = "Apple Development";
				CODE_SIGN_STYLE = Automatic;
				CURRENT_PROJECT_VERSION = 8;
				DEVELOPMENT_ASSET_PATHS = "\"What is The Story/Preview Content\"";
				DEVELOPMENT_TEAM = SQNNWLK4H9;
				ENABLE_PREVIEWS = YES;
				GENERATE_INFOPLIST_FILE = YES;
				INFOPLIST_FILE = "What-is-The-Story-Info.plist";
				INFOPLIST_KEY_UIApplicationSupportsIndirectInputEvents = YES;
				INFOPLIST_KEY_UILaunchScreen_Generation = YES;
				INFOPLIST_KEY_UISupportedInterfaceOrientations_iPad = "UIInterfaceOrientationPortrait UIInterfaceOrientationPortraitUpsideDown UIInterfaceOrientationLandscapeLeft UIInterfaceOrientationLandscapeRight";
				INFOPLIST_KEY_UISupportedInterfaceOrientations_iPhone = "UIInterfaceOrientationPortrait UIInterfaceOrientationLandscapeLeft UIInterfaceOrientationLandscapeRight";
				LD_RUNPATH_SEARCH_PATHS = (
					"$(inherited)",
					"@executable_path/Frameworks",
				);
				MARKETING_VERSION = 1.0;
				PRODUCT_BUNDLE_IDENTIFIER = "com.elnowehy.wits.What-is-The-Story";
				PRODUCT_NAME = "$(TARGET_NAME)";
				PROVISIONING_PROFILE_SPECIFIER = "";
				SWIFT_EMIT_LOC_STRINGS = YES;
				SWIFT_VERSION = 5.0;
				TARGETED_DEVICE_FAMILY = "1,2";
			};
			name = Emulators;
		};
		C59404C1296DC576003F0FB7 /* Debug */ = {
			isa = XCBuildConfiguration;
			buildSettings = {
				ALWAYS_SEARCH_USER_PATHS = NO;
				CLANG_ANALYZER_NONNULL = YES;
				CLANG_ANALYZER_NUMBER_OBJECT_CONVERSION = YES_AGGRESSIVE;
				CLANG_CXX_LANGUAGE_STANDARD = "gnu++20";
				CLANG_ENABLE_MODULES = YES;
				CLANG_ENABLE_OBJC_ARC = YES;
				CLANG_ENABLE_OBJC_WEAK = YES;
				CLANG_WARN_BLOCK_CAPTURE_AUTORELEASING = YES;
				CLANG_WARN_BOOL_CONVERSION = YES;
				CLANG_WARN_COMMA = YES;
				CLANG_WARN_CONSTANT_CONVERSION = YES;
				CLANG_WARN_DEPRECATED_OBJC_IMPLEMENTATIONS = YES;
				CLANG_WARN_DIRECT_OBJC_ISA_USAGE = YES_ERROR;
				CLANG_WARN_DOCUMENTATION_COMMENTS = YES;
				CLANG_WARN_EMPTY_BODY = YES;
				CLANG_WARN_ENUM_CONVERSION = YES;
				CLANG_WARN_INFINITE_RECURSION = YES;
				CLANG_WARN_INT_CONVERSION = YES;
				CLANG_WARN_NON_LITERAL_NULL_CONVERSION = YES;
				CLANG_WARN_OBJC_IMPLICIT_RETAIN_SELF = YES;
				CLANG_WARN_OBJC_LITERAL_CONVERSION = YES;
				CLANG_WARN_OBJC_ROOT_CLASS = YES_ERROR;
				CLANG_WARN_QUOTED_INCLUDE_IN_FRAMEWORK_HEADER = YES;
				CLANG_WARN_RANGE_LOOP_ANALYSIS = YES;
				CLANG_WARN_STRICT_PROTOTYPES = YES;
				CLANG_WARN_SUSPICIOUS_MOVE = YES;
				CLANG_WARN_UNGUARDED_AVAILABILITY = YES_AGGRESSIVE;
				CLANG_WARN_UNREACHABLE_CODE = YES;
				CLANG_WARN__DUPLICATE_METHOD_MATCH = YES;
				COPY_PHASE_STRIP = NO;
				DEBUG_INFORMATION_FORMAT = dwarf;
				ENABLE_STRICT_OBJC_MSGSEND = YES;
				ENABLE_TESTABILITY = YES;
				ENABLE_USER_SCRIPT_SANDBOXING = YES;
				GCC_C_LANGUAGE_STANDARD = gnu11;
				GCC_DYNAMIC_NO_PIC = NO;
				GCC_NO_COMMON_BLOCKS = YES;
				GCC_OPTIMIZATION_LEVEL = 0;
				GCC_PREPROCESSOR_DEFINITIONS = (
					"DEBUG=1",
					"$(inherited)",
				);
				GCC_WARN_64_TO_32_BIT_CONVERSION = YES;
				GCC_WARN_ABOUT_RETURN_TYPE = YES_ERROR;
				GCC_WARN_UNDECLARED_SELECTOR = YES;
				GCC_WARN_UNINITIALIZED_AUTOS = YES_AGGRESSIVE;
				GCC_WARN_UNUSED_FUNCTION = YES;
				GCC_WARN_UNUSED_VARIABLE = YES;
				IPHONEOS_DEPLOYMENT_TARGET = 16.2;
				MTL_ENABLE_DEBUG_INFO = INCLUDE_SOURCE;
				MTL_FAST_MATH = YES;
				ONLY_ACTIVE_ARCH = YES;
				SDKROOT = iphoneos;
				SWIFT_ACTIVE_COMPILATION_CONDITIONS = DEBUG;
				SWIFT_OPTIMIZATION_LEVEL = "-Onone";
			};
			name = Debug;
		};
		C59404C2296DC576003F0FB7 /* Release */ = {
			isa = XCBuildConfiguration;
			buildSettings = {
				ALWAYS_SEARCH_USER_PATHS = NO;
				CLANG_ANALYZER_NONNULL = YES;
				CLANG_ANALYZER_NUMBER_OBJECT_CONVERSION = YES_AGGRESSIVE;
				CLANG_CXX_LANGUAGE_STANDARD = "gnu++20";
				CLANG_ENABLE_MODULES = YES;
				CLANG_ENABLE_OBJC_ARC = YES;
				CLANG_ENABLE_OBJC_WEAK = YES;
				CLANG_WARN_BLOCK_CAPTURE_AUTORELEASING = YES;
				CLANG_WARN_BOOL_CONVERSION = YES;
				CLANG_WARN_COMMA = YES;
				CLANG_WARN_CONSTANT_CONVERSION = YES;
				CLANG_WARN_DEPRECATED_OBJC_IMPLEMENTATIONS = YES;
				CLANG_WARN_DIRECT_OBJC_ISA_USAGE = YES_ERROR;
				CLANG_WARN_DOCUMENTATION_COMMENTS = YES;
				CLANG_WARN_EMPTY_BODY = YES;
				CLANG_WARN_ENUM_CONVERSION = YES;
				CLANG_WARN_INFINITE_RECURSION = YES;
				CLANG_WARN_INT_CONVERSION = YES;
				CLANG_WARN_NON_LITERAL_NULL_CONVERSION = YES;
				CLANG_WARN_OBJC_IMPLICIT_RETAIN_SELF = YES;
				CLANG_WARN_OBJC_LITERAL_CONVERSION = YES;
				CLANG_WARN_OBJC_ROOT_CLASS = YES_ERROR;
				CLANG_WARN_QUOTED_INCLUDE_IN_FRAMEWORK_HEADER = YES;
				CLANG_WARN_RANGE_LOOP_ANALYSIS = YES;
				CLANG_WARN_STRICT_PROTOTYPES = YES;
				CLANG_WARN_SUSPICIOUS_MOVE = YES;
				CLANG_WARN_UNGUARDED_AVAILABILITY = YES_AGGRESSIVE;
				CLANG_WARN_UNREACHABLE_CODE = YES;
				CLANG_WARN__DUPLICATE_METHOD_MATCH = YES;
				COPY_PHASE_STRIP = NO;
				DEBUG_INFORMATION_FORMAT = "dwarf-with-dsym";
				ENABLE_NS_ASSERTIONS = NO;
				ENABLE_STRICT_OBJC_MSGSEND = YES;
				ENABLE_USER_SCRIPT_SANDBOXING = YES;
				GCC_C_LANGUAGE_STANDARD = gnu11;
				GCC_NO_COMMON_BLOCKS = YES;
				GCC_WARN_64_TO_32_BIT_CONVERSION = YES;
				GCC_WARN_ABOUT_RETURN_TYPE = YES_ERROR;
				GCC_WARN_UNDECLARED_SELECTOR = YES;
				GCC_WARN_UNINITIALIZED_AUTOS = YES_AGGRESSIVE;
				GCC_WARN_UNUSED_FUNCTION = YES;
				GCC_WARN_UNUSED_VARIABLE = YES;
				IPHONEOS_DEPLOYMENT_TARGET = 16.2;
				MTL_ENABLE_DEBUG_INFO = NO;
				MTL_FAST_MATH = YES;
				SDKROOT = iphoneos;
				SWIFT_COMPILATION_MODE = wholemodule;
				SWIFT_OPTIMIZATION_LEVEL = "-O";
				VALIDATE_PRODUCT = YES;
			};
			name = Release;
		};
		C59404C4296DC576003F0FB7 /* Debug */ = {
			isa = XCBuildConfiguration;
			buildSettings = {
				ASSETCATALOG_COMPILER_APPICON_NAME = AppIcon;
				ASSETCATALOG_COMPILER_GLOBAL_ACCENT_COLOR_NAME = AccentColor;
				CODE_SIGN_ENTITLEMENTS = "What is The Story/What is The Story.entitlements";
				CODE_SIGN_IDENTITY = "Apple Development";
				CODE_SIGN_STYLE = Automatic;
				CURRENT_PROJECT_VERSION = 8;
				DEVELOPMENT_ASSET_PATHS = "\"What is The Story/Preview Content\"";
				DEVELOPMENT_TEAM = SQNNWLK4H9;
				ENABLE_PREVIEWS = YES;
				GENERATE_INFOPLIST_FILE = YES;
				INFOPLIST_FILE = "What-is-The-Story-Info.plist";
				INFOPLIST_KEY_UIApplicationSupportsIndirectInputEvents = YES;
				INFOPLIST_KEY_UILaunchScreen_Generation = YES;
				INFOPLIST_KEY_UISupportedInterfaceOrientations_iPad = "UIInterfaceOrientationPortrait UIInterfaceOrientationPortraitUpsideDown UIInterfaceOrientationLandscapeLeft UIInterfaceOrientationLandscapeRight";
				INFOPLIST_KEY_UISupportedInterfaceOrientations_iPhone = "UIInterfaceOrientationPortrait UIInterfaceOrientationLandscapeLeft UIInterfaceOrientationLandscapeRight";
				LD_RUNPATH_SEARCH_PATHS = (
					"$(inherited)",
					"@executable_path/Frameworks",
				);
				MARKETING_VERSION = 1.0;
				PRODUCT_BUNDLE_IDENTIFIER = "com.elnowehy.wits.What-is-The-Story";
				PRODUCT_NAME = "$(TARGET_NAME)";
				PROVISIONING_PROFILE_SPECIFIER = "";
				SWIFT_EMIT_LOC_STRINGS = YES;
				SWIFT_VERSION = 5.0;
				TARGETED_DEVICE_FAMILY = "1,2";
			};
			name = Debug;
		};
		C59404C5296DC576003F0FB7 /* Release */ = {
			isa = XCBuildConfiguration;
			buildSettings = {
				ASSETCATALOG_COMPILER_APPICON_NAME = AppIcon;
				ASSETCATALOG_COMPILER_GLOBAL_ACCENT_COLOR_NAME = AccentColor;
				CODE_SIGN_ENTITLEMENTS = "What is The Story/What is The Story.entitlements";
				CODE_SIGN_IDENTITY = "Apple Development";
				CODE_SIGN_STYLE = Automatic;
				CURRENT_PROJECT_VERSION = 8;
				DEVELOPMENT_ASSET_PATHS = "\"What is The Story/Preview Content\"";
				DEVELOPMENT_TEAM = SQNNWLK4H9;
				ENABLE_PREVIEWS = YES;
				GENERATE_INFOPLIST_FILE = YES;
				INFOPLIST_FILE = "What-is-The-Story-Info.plist";
				INFOPLIST_KEY_UIApplicationSupportsIndirectInputEvents = YES;
				INFOPLIST_KEY_UILaunchScreen_Generation = YES;
				INFOPLIST_KEY_UISupportedInterfaceOrientations_iPad = "UIInterfaceOrientationPortrait UIInterfaceOrientationPortraitUpsideDown UIInterfaceOrientationLandscapeLeft UIInterfaceOrientationLandscapeRight";
				INFOPLIST_KEY_UISupportedInterfaceOrientations_iPhone = "UIInterfaceOrientationPortrait UIInterfaceOrientationLandscapeLeft UIInterfaceOrientationLandscapeRight";
				LD_RUNPATH_SEARCH_PATHS = (
					"$(inherited)",
					"@executable_path/Frameworks",
				);
				MARKETING_VERSION = 1.0;
				PRODUCT_BUNDLE_IDENTIFIER = "com.elnowehy.wits.What-is-The-Story";
				PRODUCT_NAME = "$(TARGET_NAME)";
				PROVISIONING_PROFILE_SPECIFIER = "";
				SWIFT_EMIT_LOC_STRINGS = YES;
				SWIFT_VERSION = 5.0;
				TARGETED_DEVICE_FAMILY = "1,2";
			};
			name = Release;
		};
/* End XCBuildConfiguration section */

/* Begin XCConfigurationList section */
		C59404B0296DC575003F0FB7 /* Build configuration list for PBXProject "What is The Story" */ = {
			isa = XCConfigurationList;
			buildConfigurations = (
				C59404C1296DC576003F0FB7 /* Debug */,
				C54B7304298AEC1000C2F0FC /* Emulators */,
				C59404C2296DC576003F0FB7 /* Release */,
			);
			defaultConfigurationIsVisible = 0;
			defaultConfigurationName = Release;
		};
		C59404C3296DC576003F0FB7 /* Build configuration list for PBXNativeTarget "What is The Story" */ = {
			isa = XCConfigurationList;
			buildConfigurations = (
				C59404C4296DC576003F0FB7 /* Debug */,
				C54B7305298AEC1000C2F0FC /* Emulators */,
				C59404C5296DC576003F0FB7 /* Release */,
			);
			defaultConfigurationIsVisible = 0;
			defaultConfigurationName = Release;
		};
/* End XCConfigurationList section */

/* Begin XCRemoteSwiftPackageReference section */
		C51EA8892A4F2FB300A77F4A /* XCRemoteSwiftPackageReference "AdvancedList" */ = {
			isa = XCRemoteSwiftPackageReference;
			repositoryURL = "https://github.com/crelies/AdvancedList.git";
			requirement = {
				kind = upToNextMajorVersion;
				minimumVersion = 8.0.0;
			};
		};
		C51FC3F92996B2FE00D7D0C6 /* XCRemoteSwiftPackageReference "swift-algorithms" */ = {
			isa = XCRemoteSwiftPackageReference;
			repositoryURL = "https://github.com/apple/swift-algorithms.git";
			requirement = {
				kind = upToNextMajorVersion;
				minimumVersion = 1.0.0;
			};
		};
		C59404D6296DCA88003F0FB7 /* XCRemoteSwiftPackageReference "firebase-ios-sdk" */ = {
			isa = XCRemoteSwiftPackageReference;
			repositoryURL = "https://github.com/firebase/firebase-ios-sdk";
			requirement = {
				kind = exactVersion;
				version = 10.19.0;
			};
		};
/* End XCRemoteSwiftPackageReference section */

/* Begin XCSwiftPackageProductDependency section */
		C51EA88A2A4F2FB300A77F4A /* AdvancedList */ = {
			isa = XCSwiftPackageProductDependency;
			package = C51EA8892A4F2FB300A77F4A /* XCRemoteSwiftPackageReference "AdvancedList" */;
			productName = AdvancedList;
		};
		C51FC3FA2996B2FE00D7D0C6 /* Algorithms */ = {
			isa = XCSwiftPackageProductDependency;
			package = C51FC3F92996B2FE00D7D0C6 /* XCRemoteSwiftPackageReference "swift-algorithms" */;
			productName = Algorithms;
		};
		C56004E929888E8D0044A9AB /* FirebaseFirestoreSwift */ = {
			isa = XCSwiftPackageProductDependency;
			package = C59404D6296DCA88003F0FB7 /* XCRemoteSwiftPackageReference "firebase-ios-sdk" */;
			productName = FirebaseFirestoreSwift;
		};
		C59404D7296DCA88003F0FB7 /* FirebaseAnalytics */ = {
			isa = XCSwiftPackageProductDependency;
			package = C59404D6296DCA88003F0FB7 /* XCRemoteSwiftPackageReference "firebase-ios-sdk" */;
			productName = FirebaseAnalytics;
		};
		C59404D9296DCA88003F0FB7 /* FirebaseAnalyticsWithoutAdIdSupport */ = {
			isa = XCSwiftPackageProductDependency;
			package = C59404D6296DCA88003F0FB7 /* XCRemoteSwiftPackageReference "firebase-ios-sdk" */;
			productName = FirebaseAnalyticsWithoutAdIdSupport;
		};
		C59404DB296DCA88003F0FB7 /* FirebaseDatabase */ = {
			isa = XCSwiftPackageProductDependency;
			package = C59404D6296DCA88003F0FB7 /* XCRemoteSwiftPackageReference "firebase-ios-sdk" */;
			productName = FirebaseDatabase;
		};
		C59404DD296DCA88003F0FB7 /* FirebaseDatabaseSwift */ = {
			isa = XCSwiftPackageProductDependency;
			package = C59404D6296DCA88003F0FB7 /* XCRemoteSwiftPackageReference "firebase-ios-sdk" */;
			productName = FirebaseDatabaseSwift;
		};
		C59404DF296DCA88003F0FB7 /* FirebaseFirestore */ = {
			isa = XCSwiftPackageProductDependency;
			package = C59404D6296DCA88003F0FB7 /* XCRemoteSwiftPackageReference "firebase-ios-sdk" */;
			productName = FirebaseFirestore;
		};
		C59404ED296E35B5003F0FB7 /* FirebaseAuth */ = {
			isa = XCSwiftPackageProductDependency;
			package = C59404D6296DCA88003F0FB7 /* XCRemoteSwiftPackageReference "firebase-ios-sdk" */;
			productName = FirebaseAuth;
		};
		C5A31655298B0DAA00D98972 /* FirebaseStorage */ = {
			isa = XCSwiftPackageProductDependency;
			package = C59404D6296DCA88003F0FB7 /* XCRemoteSwiftPackageReference "firebase-ios-sdk" */;
			productName = FirebaseStorage;
		};
		C5D3E95C2B210DC500EAEC9C /* FirebaseFunctions */ = {
			isa = XCSwiftPackageProductDependency;
			package = C59404D6296DCA88003F0FB7 /* XCRemoteSwiftPackageReference "firebase-ios-sdk" */;
			productName = FirebaseFunctions;
		};
/* End XCSwiftPackageProductDependency section */
	};
	rootObject = C59404AD296DC575003F0FB7 /* Project object */;
}
